// !$*UTF8*$!
{
	archiveVersion = 1;
	classes = {
	};
	objectVersion = 46;
	objects = {

/* Begin PBXBuildFile section */
		4C117FFE1E6964C500155C4D /* AppDelegate.swift in Sources */ = {isa = PBXBuildFile; fileRef = 4C117FFD1E6964C500155C4D /* AppDelegate.swift */; };
		4C1180031E6964C500155C4D /* Main.storyboard in Resources */ = {isa = PBXBuildFile; fileRef = 4C1180011E6964C500155C4D /* Main.storyboard */; };
		4C1180051E6964C500155C4D /* Assets.xcassets in Resources */ = {isa = PBXBuildFile; fileRef = 4C1180041E6964C500155C4D /* Assets.xcassets */; };
		4C1180081E6964C500155C4D /* LaunchScreen.storyboard in Resources */ = {isa = PBXBuildFile; fileRef = 4C1180061E6964C500155C4D /* LaunchScreen.storyboard */; };
		4C1180131E6964C500155C4D /* LoosenUPTests.swift in Sources */ = {isa = PBXBuildFile; fileRef = 4C1180121E6964C500155C4D /* LoosenUPTests.swift */; };
		4C11801E1E6964C500155C4D /* LoosenUPUITests.swift in Sources */ = {isa = PBXBuildFile; fileRef = 4C11801D1E6964C500155C4D /* LoosenUPUITests.swift */; };
		4C1180351E6AB95D00155C4D /* GetUrl.swift in Sources */ = {isa = PBXBuildFile; fileRef = 4C1180341E6AB95D00155C4D /* GetUrl.swift */; };
		4C1180781E6C7BBD00155C4D /* News.swift in Sources */ = {isa = PBXBuildFile; fileRef = 4C1180771E6C7BBD00155C4D /* News.swift */; };
		4C11807A1E6CFFE000155C4D /* ApiList.swift in Sources */ = {isa = PBXBuildFile; fileRef = 4C1180791E6CFFE000155C4D /* ApiList.swift */; };
		4C21DB441EA0AD2A0042DFA6 /* RAMAnimateService.swift in Sources */ = {isa = PBXBuildFile; fileRef = 4C21DB431EA0AD2A0042DFA6 /* RAMAnimateService.swift */; };
		4C21DBC81EA11A3E0042DFA6 /* PIRipple.swift in Sources */ = {isa = PBXBuildFile; fileRef = 4C21DBC71EA11A3E0042DFA6 /* PIRipple.swift */; };
		4C21DC0C1EA47F700042DFA6 /* NO5.png in Resources */ = {isa = PBXBuildFile; fileRef = 4C21DC071EA47F700042DFA6 /* NO5.png */; };
		4C21DC0D1EA47F700042DFA6 /* NO4.png in Resources */ = {isa = PBXBuildFile; fileRef = 4C21DC081EA47F700042DFA6 /* NO4.png */; };
		4C21DC0E1EA47F700042DFA6 /* NO3.png in Resources */ = {isa = PBXBuildFile; fileRef = 4C21DC091EA47F700042DFA6 /* NO3.png */; };
		4C21DC0F1EA47F700042DFA6 /* NO2.png in Resources */ = {isa = PBXBuildFile; fileRef = 4C21DC0A1EA47F700042DFA6 /* NO2.png */; };
		4C21DC101EA47F700042DFA6 /* NO1.png in Resources */ = {isa = PBXBuildFile; fileRef = 4C21DC0B1EA47F700042DFA6 /* NO1.png */; };
		4C25F95C22F5F70800844F8E /* Localizable.strings in Resources */ = {isa = PBXBuildFile; fileRef = 4C25F95E22F5F70800844F8E /* Localizable.strings */; };
		4C25F96322F5FB2B00844F8E /* InfoPlist.strings in Resources */ = {isa = PBXBuildFile; fileRef = 4C25F96522F5FB2B00844F8E /* InfoPlist.strings */; };
		4C25F96822F5FD4900844F8E /* loading_cat.gif in Resources */ = {isa = PBXBuildFile; fileRef = 4C25F96A22F5FD4900844F8E /* loading_cat.gif */; };
		4C25F9C022F81CB100844F8E /* CustomCollectionView.swift in Sources */ = {isa = PBXBuildFile; fileRef = 4C25F9BF22F81CB100844F8E /* CustomCollectionView.swift */; };
		4C25F9C222F81CD900844F8E /* CustomCollectionView.xib in Resources */ = {isa = PBXBuildFile; fileRef = 4C25F9C122F81CD900844F8E /* CustomCollectionView.xib */; };
		4C25F9DA22F9E79500844F8E /* SearchViewController.xib in Resources */ = {isa = PBXBuildFile; fileRef = 4C25F9D822F9E79500844F8E /* SearchViewController.xib */; };
		4C25F9DB22F9E79500844F8E /* SearchViewController.swift in Sources */ = {isa = PBXBuildFile; fileRef = 4C25F9D922F9E79500844F8E /* SearchViewController.swift */; };
		4C25F9DE22F9E93B00844F8E /* SearchTableViewController.swift in Sources */ = {isa = PBXBuildFile; fileRef = 4C25F9DC22F9E93B00844F8E /* SearchTableViewController.swift */; };
		4C25F9DF22F9E93B00844F8E /* SearchTableViewController.xib in Resources */ = {isa = PBXBuildFile; fileRef = 4C25F9DD22F9E93B00844F8E /* SearchTableViewController.xib */; };
		4C25F9E222FAB8BA00844F8E /* SearchContainerViewController.swift in Sources */ = {isa = PBXBuildFile; fileRef = 4C25F9E022FAB8BA00844F8E /* SearchContainerViewController.swift */; };
		4C25F9E322FAB8BA00844F8E /* SearchContainerViewController.xib in Resources */ = {isa = PBXBuildFile; fileRef = 4C25F9E122FAB8BA00844F8E /* SearchContainerViewController.xib */; };
		4C25F9E522FB00C700844F8E /* SlideAnimatedTransitioning.swift in Sources */ = {isa = PBXBuildFile; fileRef = 4C25F9E422FB00C700844F8E /* SlideAnimatedTransitioning.swift */; };
		4C25F9E722FB08E500844F8E /* SearchBarContainerView.swift in Sources */ = {isa = PBXBuildFile; fileRef = 4C25F9E622FB08E400844F8E /* SearchBarContainerView.swift */; };
		4C25F9ED22FB18D300844F8E /* MySearchController.swift in Sources */ = {isa = PBXBuildFile; fileRef = 4C25F9EC22FB18D300844F8E /* MySearchController.swift */; };
		4C28823D22E564B7004DFF16 /* Setting.swift in Sources */ = {isa = PBXBuildFile; fileRef = 4C28823C22E564B7004DFF16 /* Setting.swift */; };
		4C28823F22EC352E004DFF16 /* Theme.swift in Sources */ = {isa = PBXBuildFile; fileRef = 4C28823E22EC352D004DFF16 /* Theme.swift */; };
		4C3EF5E822EF4C1700BF6C99 /* NO.png in Resources */ = {isa = PBXBuildFile; fileRef = 4C3EF5E722EF4C1700BF6C99 /* NO.png */; };
		4C3EF5EA22EF98DA00BF6C99 /* ForumCellViewModel.swift in Sources */ = {isa = PBXBuildFile; fileRef = 4C3EF5E922EF98DA00BF6C99 /* ForumCellViewModel.swift */; };
		4C3EF5EC22EF996600BF6C99 /* ForumArticle.swift in Sources */ = {isa = PBXBuildFile; fileRef = 4C3EF5EB22EF996600BF6C99 /* ForumArticle.swift */; };
		4C57A04222A832CC00F4C4D2 /* RestfulService.swift in Sources */ = {isa = PBXBuildFile; fileRef = 4C57A04122A832CC00F4C4D2 /* RestfulService.swift */; };
		4C62C3CA1EA76DA00033CF37 /* PersonalQualityViewController.swift in Sources */ = {isa = PBXBuildFile; fileRef = 4C62C3C81EA76DA00033CF37 /* PersonalQualityViewController.swift */; };
		4C62C3CB1EA76DA00033CF37 /* PersonalQualityViewController.xib in Resources */ = {isa = PBXBuildFile; fileRef = 4C62C3C91EA76DA00033CF37 /* PersonalQualityViewController.xib */; };
		4C65667922FEF13B00AAC0AE /* UIExtensions.swift in Sources */ = {isa = PBXBuildFile; fileRef = 4C65667822FEF13B00AAC0AE /* UIExtensions.swift */; };
		4C6566C12301AFA600AAC0AE /* DynamicMessageTableCell.swift in Sources */ = {isa = PBXBuildFile; fileRef = 4C6566BF2301AFA600AAC0AE /* DynamicMessageTableCell.swift */; };
		4C6566C22301AFA600AAC0AE /* DynamicMessageTableCell.xib in Resources */ = {isa = PBXBuildFile; fileRef = 4C6566C02301AFA600AAC0AE /* DynamicMessageTableCell.xib */; };
		4C6566C72301B14E00AAC0AE /* DynamicMessageViewController.swift in Sources */ = {isa = PBXBuildFile; fileRef = 4C6566C52301B14E00AAC0AE /* DynamicMessageViewController.swift */; };
		4C6566C82301B14E00AAC0AE /* DynamicMessageViewController.xib in Resources */ = {isa = PBXBuildFile; fileRef = 4C6566C62301B14E00AAC0AE /* DynamicMessageViewController.xib */; };
		4C6566CB2301B4C500AAC0AE /* ContainerOfDynamicMessageViewController.swift in Sources */ = {isa = PBXBuildFile; fileRef = 4C6566C92301B4C500AAC0AE /* ContainerOfDynamicMessageViewController.swift */; };
		4C6566CC2301B4C500AAC0AE /* ContainerOfDynamicMessageViewController.xib in Resources */ = {isa = PBXBuildFile; fileRef = 4C6566CA2301B4C500AAC0AE /* ContainerOfDynamicMessageViewController.xib */; };
		4C6DD2C41E87FBD70006E378 /* RankingViewController.swift in Sources */ = {isa = PBXBuildFile; fileRef = 4C6DD2C21E87FBD70006E378 /* RankingViewController.swift */; };
		4C6DD2C51E87FBD70006E378 /* RankingViewController.xib in Resources */ = {isa = PBXBuildFile; fileRef = 4C6DD2C31E87FBD70006E378 /* RankingViewController.xib */; };
		4C6DD2C81E87FD100006E378 /* RankingDetailViewController.swift in Sources */ = {isa = PBXBuildFile; fileRef = 4C6DD2C61E87FD100006E378 /* RankingDetailViewController.swift */; };
		4C6DD2C91E87FD100006E378 /* RankingDetailViewController.xib in Resources */ = {isa = PBXBuildFile; fileRef = 4C6DD2C71E87FD100006E378 /* RankingDetailViewController.xib */; };
		4C6DD2CE1E8802D50006E378 /* PersonalManageViewController.swift in Sources */ = {isa = PBXBuildFile; fileRef = 4C6DD2CC1E8802D50006E378 /* PersonalManageViewController.swift */; };
		4C6DD2CF1E8802D50006E378 /* PersonalManageViewController.xib in Resources */ = {isa = PBXBuildFile; fileRef = 4C6DD2CD1E8802D50006E378 /* PersonalManageViewController.xib */; };
		4C6DD2D21E8802EB0006E378 /* AccountManageViewController.swift in Sources */ = {isa = PBXBuildFile; fileRef = 4C6DD2D01E8802EB0006E378 /* AccountManageViewController.swift */; };
		4C6DD2D31E8802EB0006E378 /* AccountManageViewController.xib in Resources */ = {isa = PBXBuildFile; fileRef = 4C6DD2D11E8802EB0006E378 /* AccountManageViewController.xib */; };
		4C6DD2D61E8809020006E378 /* Personal_RelaxListViewController.swift in Sources */ = {isa = PBXBuildFile; fileRef = 4C6DD2D41E8809020006E378 /* Personal_RelaxListViewController.swift */; };
		4C6DD2D71E8809020006E378 /* Personal_RelaxListViewController.xib in Resources */ = {isa = PBXBuildFile; fileRef = 4C6DD2D51E8809020006E378 /* Personal_RelaxListViewController.xib */; };
		4C6DD2DF1E880A160006E378 /* Situation_AnalysisViewController.swift in Sources */ = {isa = PBXBuildFile; fileRef = 4C6DD2DD1E880A160006E378 /* Situation_AnalysisViewController.swift */; };
		4C6DD2E01E880A160006E378 /* Situation_AnalysisViewController.xib in Resources */ = {isa = PBXBuildFile; fileRef = 4C6DD2DE1E880A160006E378 /* Situation_AnalysisViewController.xib */; };
		4C6DD2E31E880A300006E378 /* Fatigue_PeriodViewController.swift in Sources */ = {isa = PBXBuildFile; fileRef = 4C6DD2E11E880A300006E378 /* Fatigue_PeriodViewController.swift */; };
		4C6DD2E41E880A300006E378 /* Fatigue_PeriodViewController.xib in Resources */ = {isa = PBXBuildFile; fileRef = 4C6DD2E21E880A300006E378 /* Fatigue_PeriodViewController.xib */; };
		4C6DD2E71E880A440006E378 /* Personal_RankingViewController.swift in Sources */ = {isa = PBXBuildFile; fileRef = 4C6DD2E51E880A440006E378 /* Personal_RankingViewController.swift */; };
		4C6DD2E81E880A440006E378 /* Personal_RankingViewController.xib in Resources */ = {isa = PBXBuildFile; fileRef = 4C6DD2E61E880A440006E378 /* Personal_RankingViewController.xib */; };
		4C6DD2EB1E880A540006E378 /* HistoryViewController.swift in Sources */ = {isa = PBXBuildFile; fileRef = 4C6DD2E91E880A540006E378 /* HistoryViewController.swift */; };
		4C6DD2EC1E880A540006E378 /* HistoryViewController.xib in Resources */ = {isa = PBXBuildFile; fileRef = 4C6DD2EA1E880A540006E378 /* HistoryViewController.xib */; };
		4C6DD2F01E88B7D30006E378 /* ArticleDetailViewController.swift in Sources */ = {isa = PBXBuildFile; fileRef = 4C6DD2EE1E88B7D30006E378 /* ArticleDetailViewController.swift */; };
		4C6DD2F11E88B7D30006E378 /* ArticleDetailViewController.xib in Resources */ = {isa = PBXBuildFile; fileRef = 4C6DD2EF1E88B7D30006E378 /* ArticleDetailViewController.xib */; };
		4C6DD2F41E88F23B0006E378 /* HistoryDetailViewController.swift in Sources */ = {isa = PBXBuildFile; fileRef = 4C6DD2F21E88F23B0006E378 /* HistoryDetailViewController.swift */; };
		4C6DD2F51E88F23B0006E378 /* HistoryDetailViewController.xib in Resources */ = {isa = PBXBuildFile; fileRef = 4C6DD2F31E88F23B0006E378 /* HistoryDetailViewController.xib */; };
		4C6DD2F81E88F3B40006E378 /* HistoryTableCell.swift in Sources */ = {isa = PBXBuildFile; fileRef = 4C6DD2F61E88F3B40006E378 /* HistoryTableCell.swift */; };
		4C6DD2F91E88F3B40006E378 /* HistoryTableCell.xib in Resources */ = {isa = PBXBuildFile; fileRef = 4C6DD2F71E88F3B40006E378 /* HistoryTableCell.xib */; };
		4C6DD2FE1E8A71890006E378 /* ChartFormatter.swift in Sources */ = {isa = PBXBuildFile; fileRef = 4C6DD2FD1E8A71890006E378 /* ChartFormatter.swift */; };
		4C780FE91E790C930021ED86 /* Const.swift in Sources */ = {isa = PBXBuildFile; fileRef = 4C780FE81E790C930021ED86 /* Const.swift */; };
		4C780FEC1E7AD5E10021ED86 /* RankingCollectionCell.swift in Sources */ = {isa = PBXBuildFile; fileRef = 4C780FEA1E7AD5E10021ED86 /* RankingCollectionCell.swift */; };
		4C780FED1E7AD5E10021ED86 /* RankingCollectionCell.xib in Resources */ = {isa = PBXBuildFile; fileRef = 4C780FEB1E7AD5E10021ED86 /* RankingCollectionCell.xib */; };
		4C780FF51E7C0CCE0021ED86 /* EffectCollectionView.swift in Sources */ = {isa = PBXBuildFile; fileRef = 4C780FF41E7C0CCE0021ED86 /* EffectCollectionView.swift */; };
		4C78107B1E7E54D50021ED86 /* SelectSituationViewController.swift in Sources */ = {isa = PBXBuildFile; fileRef = 4C7810791E7E54D50021ED86 /* SelectSituationViewController.swift */; };
		4C78107C1E7E54D50021ED86 /* SelectSituationViewController.xib in Resources */ = {isa = PBXBuildFile; fileRef = 4C78107A1E7E54D50021ED86 /* SelectSituationViewController.xib */; };
		4C7810811E7E55530021ED86 /* DetectViewController.swift in Sources */ = {isa = PBXBuildFile; fileRef = 4C78107F1E7E55530021ED86 /* DetectViewController.swift */; };
		4C7810821E7E55530021ED86 /* DetectViewController.xib in Resources */ = {isa = PBXBuildFile; fileRef = 4C7810801E7E55530021ED86 /* DetectViewController.xib */; };
		4C7810861E7E7E470021ED86 /* BTServiceInfo.swift in Sources */ = {isa = PBXBuildFile; fileRef = 4C7810851E7E7E470021ED86 /* BTServiceInfo.swift */; };
		4C78108C1E7FDDC90021ED86 /* UINavigationService.swift in Sources */ = {isa = PBXBuildFile; fileRef = 4C78108B1E7FDDC90021ED86 /* UINavigationService.swift */; };
		4C84C02722B2537200CDF76D /* UIApplicationExtension.swift in Sources */ = {isa = PBXBuildFile; fileRef = 4C84C02622B2537200CDF76D /* UIApplicationExtension.swift */; };
		4C84C0CB22C28BD300CDF76D /* 4.png in Resources */ = {isa = PBXBuildFile; fileRef = 4C84C0C422C28BD200CDF76D /* 4.png */; };
		4C84C0CC22C28BD300CDF76D /* 2.png in Resources */ = {isa = PBXBuildFile; fileRef = 4C84C0C522C28BD200CDF76D /* 2.png */; };
		4C84C0CD22C28BD300CDF76D /* 7.png in Resources */ = {isa = PBXBuildFile; fileRef = 4C84C0C622C28BD300CDF76D /* 7.png */; };
		4C84C0CE22C28BD300CDF76D /* 3.jpg in Resources */ = {isa = PBXBuildFile; fileRef = 4C84C0C722C28BD300CDF76D /* 3.jpg */; };
		4C84C0CF22C28BD300CDF76D /* 5.png in Resources */ = {isa = PBXBuildFile; fileRef = 4C84C0C822C28BD300CDF76D /* 5.png */; };
		4C84C0D022C28BD300CDF76D /* 1.png in Resources */ = {isa = PBXBuildFile; fileRef = 4C84C0C922C28BD300CDF76D /* 1.png */; };
		4C84C0D122C28BD300CDF76D /* 6.png in Resources */ = {isa = PBXBuildFile; fileRef = 4C84C0CA22C28BD300CDF76D /* 6.png */; };
		4C84C0DD22C2953600CDF76D /* NewsCellViewModel.swift in Sources */ = {isa = PBXBuildFile; fileRef = 4C84C0DC22C2953600CDF76D /* NewsCellViewModel.swift */; };
		4C92BB9522F2CEFE007CA8B0 /* ContentViewController.swift in Sources */ = {isa = PBXBuildFile; fileRef = 4C92BB9322F2CEFE007CA8B0 /* ContentViewController.swift */; };
		4C92BB9622F2CEFE007CA8B0 /* ContentViewController.xib in Resources */ = {isa = PBXBuildFile; fileRef = 4C92BB9422F2CEFE007CA8B0 /* ContentViewController.xib */; };
		4CCCD3B12301C02300022A9E /* DynamicMessageCellViewModel.swift in Sources */ = {isa = PBXBuildFile; fileRef = 4CCCD3B02301C02300022A9E /* DynamicMessageCellViewModel.swift */; };
		4CCCD3B32301C06A00022A9E /* DynamicMessage.swift in Sources */ = {isa = PBXBuildFile; fileRef = 4CCCD3B22301C06A00022A9E /* DynamicMessage.swift */; };
		4CCCD3B52302F65600022A9E /* GalleryCollectionView.swift in Sources */ = {isa = PBXBuildFile; fileRef = 4CCCD3B42302F65600022A9E /* GalleryCollectionView.swift */; };
		4CCCD3B8230305D600022A9E /* GalleryCollectionCell.swift in Sources */ = {isa = PBXBuildFile; fileRef = 4CCCD3B6230305D600022A9E /* GalleryCollectionCell.swift */; };
		4CCCD3B9230305D600022A9E /* GalleryCollectionCell.xib in Resources */ = {isa = PBXBuildFile; fileRef = 4CCCD3B7230305D600022A9E /* GalleryCollectionCell.xib */; };
		4CD5564722F20A5500EFF4E2 /* CustomUIScrollView.swift in Sources */ = {isa = PBXBuildFile; fileRef = 4CD5564622F20A5500EFF4E2 /* CustomUIScrollView.swift */; };
		4CD5564922F20A6300EFF4E2 /* CustomUIScrollView.xib in Resources */ = {isa = PBXBuildFile; fileRef = 4CD5564822F20A6300EFF4E2 /* CustomUIScrollView.xib */; };
		4CE981021E82817E00549400 /* ForumTableCell.swift in Sources */ = {isa = PBXBuildFile; fileRef = 4CE981001E82817E00549400 /* ForumTableCell.swift */; };
		4CE981031E82817E00549400 /* ForumTableCell.xib in Resources */ = {isa = PBXBuildFile; fileRef = 4CE981011E82817E00549400 /* ForumTableCell.xib */; };
		4CE981051E839BE200549400 /* PopularityCollectionView.swift in Sources */ = {isa = PBXBuildFile; fileRef = 4CE981041E839BE200549400 /* PopularityCollectionView.swift */; };
		4CF78A651E6D62F80063254E /* HomeTabBarController.swift in Sources */ = {isa = PBXBuildFile; fileRef = 4CF78A631E6D62F80063254E /* HomeTabBarController.swift */; };
		4CF78A661E6D62F80063254E /* HomeTabBarController.xib in Resources */ = {isa = PBXBuildFile; fileRef = 4CF78A641E6D62F80063254E /* HomeTabBarController.xib */; };
		4CF78A6D1E6D7BD50063254E /* MainViewController.swift in Sources */ = {isa = PBXBuildFile; fileRef = 4CF78A6B1E6D7BD50063254E /* MainViewController.swift */; };
		4CF78A6E1E6D7BD50063254E /* MainViewController.xib in Resources */ = {isa = PBXBuildFile; fileRef = 4CF78A6C1E6D7BD50063254E /* MainViewController.xib */; };
		4CF78A711E6D7BE10063254E /* ForumViewController.swift in Sources */ = {isa = PBXBuildFile; fileRef = 4CF78A6F1E6D7BE10063254E /* ForumViewController.swift */; };
		4CF78A721E6D7BE10063254E /* ForumViewController.xib in Resources */ = {isa = PBXBuildFile; fileRef = 4CF78A701E6D7BE10063254E /* ForumViewController.xib */; };
		4CF78A751E6D7BEE0063254E /* ManageViewController.swift in Sources */ = {isa = PBXBuildFile; fileRef = 4CF78A731E6D7BEE0063254E /* ManageViewController.swift */; };
		4CF78A761E6D7BEE0063254E /* ManageViewController.xib in Resources */ = {isa = PBXBuildFile; fileRef = 4CF78A741E6D7BEE0063254E /* ManageViewController.xib */; };
		693DF0F0A013DD2AED86797B /* Pods_LoosenUP.framework in Frameworks */ = {isa = PBXBuildFile; fileRef = 39EEED0F7ECE33F330DC3B27 /* Pods_LoosenUP.framework */; };
		81C730386239A595AE4CF0B1 /* Pods_LoosenUPUITests.framework in Frameworks */ = {isa = PBXBuildFile; fileRef = AF45826276B5B3AB2CC78848 /* Pods_LoosenUPUITests.framework */; };
		828B32CEE8E107C6434F40BD /* Pods_LoosenUPTests.framework in Frameworks */ = {isa = PBXBuildFile; fileRef = AB4C308A595D1D787D35185C /* Pods_LoosenUPTests.framework */; };
/* End PBXBuildFile section */

/* Begin PBXContainerItemProxy section */
		4C11800F1E6964C500155C4D /* PBXContainerItemProxy */ = {
			isa = PBXContainerItemProxy;
			containerPortal = 4C117FF21E6964C500155C4D /* Project object */;
			proxyType = 1;
			remoteGlobalIDString = 4C117FF91E6964C500155C4D;
			remoteInfo = LoosenUP;
		};
		4C11801A1E6964C500155C4D /* PBXContainerItemProxy */ = {
			isa = PBXContainerItemProxy;
			containerPortal = 4C117FF21E6964C500155C4D /* Project object */;
			proxyType = 1;
			remoteGlobalIDString = 4C117FF91E6964C500155C4D;
			remoteInfo = LoosenUP;
		};
/* End PBXContainerItemProxy section */

/* Begin PBXFileReference section */
		0236D61E1CE0743A8BBFE761 /* Pods-LoosenUP.release.xcconfig */ = {isa = PBXFileReference; includeInIndex = 1; lastKnownFileType = text.xcconfig; name = "Pods-LoosenUP.release.xcconfig"; path = "Pods/Target Support Files/Pods-LoosenUP/Pods-LoosenUP.release.xcconfig"; sourceTree = "<group>"; };
		04766C909FE21AD4EC9D855E /* Pods-LoosenUPTests.debug.xcconfig */ = {isa = PBXFileReference; includeInIndex = 1; lastKnownFileType = text.xcconfig; name = "Pods-LoosenUPTests.debug.xcconfig"; path = "Pods/Target Support Files/Pods-LoosenUPTests/Pods-LoosenUPTests.debug.xcconfig"; sourceTree = "<group>"; };
		313FF84C1070096BBDD8F34E /* Pods-LoosenUP.debug.xcconfig */ = {isa = PBXFileReference; includeInIndex = 1; lastKnownFileType = text.xcconfig; name = "Pods-LoosenUP.debug.xcconfig"; path = "Pods/Target Support Files/Pods-LoosenUP/Pods-LoosenUP.debug.xcconfig"; sourceTree = "<group>"; };
		39EEED0F7ECE33F330DC3B27 /* Pods_LoosenUP.framework */ = {isa = PBXFileReference; explicitFileType = wrapper.framework; includeInIndex = 0; path = Pods_LoosenUP.framework; sourceTree = BUILT_PRODUCTS_DIR; };
		41FB2AAD7A3AFFE29CEDF229 /* Pods-LoosenUPTests.release.xcconfig */ = {isa = PBXFileReference; includeInIndex = 1; lastKnownFileType = text.xcconfig; name = "Pods-LoosenUPTests.release.xcconfig"; path = "Pods/Target Support Files/Pods-LoosenUPTests/Pods-LoosenUPTests.release.xcconfig"; sourceTree = "<group>"; };
		4C117FFA1E6964C500155C4D /* LoosenUP.app */ = {isa = PBXFileReference; explicitFileType = wrapper.application; includeInIndex = 0; path = LoosenUP.app; sourceTree = BUILT_PRODUCTS_DIR; };
		4C117FFD1E6964C500155C4D /* AppDelegate.swift */ = {isa = PBXFileReference; lastKnownFileType = sourcecode.swift; path = AppDelegate.swift; sourceTree = "<group>"; };
		4C1180021E6964C500155C4D /* Base */ = {isa = PBXFileReference; lastKnownFileType = file.storyboard; name = Base; path = Base.lproj/Main.storyboard; sourceTree = "<group>"; };
		4C1180041E6964C500155C4D /* Assets.xcassets */ = {isa = PBXFileReference; lastKnownFileType = folder.assetcatalog; path = Assets.xcassets; sourceTree = "<group>"; };
		4C1180071E6964C500155C4D /* Base */ = {isa = PBXFileReference; lastKnownFileType = file.storyboard; name = Base; path = Base.lproj/LaunchScreen.storyboard; sourceTree = "<group>"; };
		4C1180091E6964C500155C4D /* Info.plist */ = {isa = PBXFileReference; lastKnownFileType = text.plist.xml; path = Info.plist; sourceTree = "<group>"; };
		4C11800E1E6964C500155C4D /* LoosenUPTests.xctest */ = {isa = PBXFileReference; explicitFileType = wrapper.cfbundle; includeInIndex = 0; path = LoosenUPTests.xctest; sourceTree = BUILT_PRODUCTS_DIR; };
		4C1180121E6964C500155C4D /* LoosenUPTests.swift */ = {isa = PBXFileReference; lastKnownFileType = sourcecode.swift; path = LoosenUPTests.swift; sourceTree = "<group>"; };
		4C1180141E6964C500155C4D /* Info.plist */ = {isa = PBXFileReference; lastKnownFileType = text.plist.xml; path = Info.plist; sourceTree = "<group>"; };
		4C1180191E6964C500155C4D /* LoosenUPUITests.xctest */ = {isa = PBXFileReference; explicitFileType = wrapper.cfbundle; includeInIndex = 0; path = LoosenUPUITests.xctest; sourceTree = BUILT_PRODUCTS_DIR; };
		4C11801D1E6964C500155C4D /* LoosenUPUITests.swift */ = {isa = PBXFileReference; lastKnownFileType = sourcecode.swift; path = LoosenUPUITests.swift; sourceTree = "<group>"; };
		4C11801F1E6964C500155C4D /* Info.plist */ = {isa = PBXFileReference; lastKnownFileType = text.plist.xml; path = Info.plist; sourceTree = "<group>"; };
		4C1180341E6AB95D00155C4D /* GetUrl.swift */ = {isa = PBXFileReference; fileEncoding = 4; lastKnownFileType = sourcecode.swift; path = GetUrl.swift; sourceTree = "<group>"; };
		4C1180771E6C7BBD00155C4D /* News.swift */ = {isa = PBXFileReference; fileEncoding = 4; lastKnownFileType = sourcecode.swift; path = News.swift; sourceTree = "<group>"; };
		4C1180791E6CFFE000155C4D /* ApiList.swift */ = {isa = PBXFileReference; fileEncoding = 4; lastKnownFileType = sourcecode.swift; path = ApiList.swift; sourceTree = "<group>"; };
		4C21DB431EA0AD2A0042DFA6 /* RAMAnimateService.swift */ = {isa = PBXFileReference; fileEncoding = 4; lastKnownFileType = sourcecode.swift; path = RAMAnimateService.swift; sourceTree = "<group>"; };
		4C21DBC71EA11A3E0042DFA6 /* PIRipple.swift */ = {isa = PBXFileReference; fileEncoding = 4; lastKnownFileType = sourcecode.swift; path = PIRipple.swift; sourceTree = "<group>"; };
		4C21DC071EA47F700042DFA6 /* NO5.png */ = {isa = PBXFileReference; lastKnownFileType = image.png; path = NO5.png; sourceTree = "<group>"; };
		4C21DC081EA47F700042DFA6 /* NO4.png */ = {isa = PBXFileReference; lastKnownFileType = image.png; path = NO4.png; sourceTree = "<group>"; };
		4C21DC091EA47F700042DFA6 /* NO3.png */ = {isa = PBXFileReference; lastKnownFileType = image.png; path = NO3.png; sourceTree = "<group>"; };
		4C21DC0A1EA47F700042DFA6 /* NO2.png */ = {isa = PBXFileReference; lastKnownFileType = image.png; path = NO2.png; sourceTree = "<group>"; };
		4C21DC0B1EA47F700042DFA6 /* NO1.png */ = {isa = PBXFileReference; lastKnownFileType = image.png; path = NO1.png; sourceTree = "<group>"; };
		4C25F95822F5F6D300844F8E /* zh-Hans */ = {isa = PBXFileReference; lastKnownFileType = text.plist.strings; name = "zh-Hans"; path = "zh-Hans.lproj/Main.strings"; sourceTree = "<group>"; };
		4C25F95922F5F6D400844F8E /* zh-Hans */ = {isa = PBXFileReference; lastKnownFileType = text.plist.strings; name = "zh-Hans"; path = "zh-Hans.lproj/LaunchScreen.strings"; sourceTree = "<group>"; };
		4C25F95A22F5F6DC00844F8E /* zh-Hant */ = {isa = PBXFileReference; lastKnownFileType = text.plist.strings; name = "zh-Hant"; path = "zh-Hant.lproj/Main.strings"; sourceTree = "<group>"; };
		4C25F95B22F5F6DC00844F8E /* zh-Hant */ = {isa = PBXFileReference; lastKnownFileType = text.plist.strings; name = "zh-Hant"; path = "zh-Hant.lproj/LaunchScreen.strings"; sourceTree = "<group>"; };
		4C25F95D22F5F70800844F8E /* en */ = {isa = PBXFileReference; lastKnownFileType = text.plist.strings; name = en; path = en.lproj/Localizable.strings; sourceTree = "<group>"; };
		4C25F95F22F5F71100844F8E /* zh-Hans */ = {isa = PBXFileReference; lastKnownFileType = text.plist.strings; name = "zh-Hans"; path = "zh-Hans.lproj/Localizable.strings"; sourceTree = "<group>"; };
		4C25F96022F5F71300844F8E /* zh-Hant */ = {isa = PBXFileReference; lastKnownFileType = text.plist.strings; name = "zh-Hant"; path = "zh-Hant.lproj/Localizable.strings"; sourceTree = "<group>"; };
		4C25F96422F5FB2B00844F8E /* en */ = {isa = PBXFileReference; lastKnownFileType = text.plist.strings; name = en; path = en.lproj/InfoPlist.strings; sourceTree = "<group>"; };
		4C25F96622F5FB2D00844F8E /* zh-Hans */ = {isa = PBXFileReference; lastKnownFileType = text.plist.strings; name = "zh-Hans"; path = "zh-Hans.lproj/InfoPlist.strings"; sourceTree = "<group>"; };
		4C25F96722F5FB2F00844F8E /* zh-Hant */ = {isa = PBXFileReference; lastKnownFileType = text.plist.strings; name = "zh-Hant"; path = "zh-Hant.lproj/InfoPlist.strings"; sourceTree = "<group>"; };
		4C25F96922F5FD4900844F8E /* en */ = {isa = PBXFileReference; lastKnownFileType = image.gif; name = en; path = en.lproj/loading_cat.gif; sourceTree = "<group>"; };
		4C25F96B22F5FD5900844F8E /* zh-Hans */ = {isa = PBXFileReference; lastKnownFileType = image.gif; name = "zh-Hans"; path = "zh-Hans.lproj/loading_cat.gif"; sourceTree = "<group>"; };
		4C25F96C22F5FD5A00844F8E /* zh-Hant */ = {isa = PBXFileReference; lastKnownFileType = image.gif; name = "zh-Hant"; path = "zh-Hant.lproj/loading_cat.gif"; sourceTree = "<group>"; };
		4C25F9BF22F81CB100844F8E /* CustomCollectionView.swift */ = {isa = PBXFileReference; lastKnownFileType = sourcecode.swift; path = CustomCollectionView.swift; sourceTree = "<group>"; };
		4C25F9C122F81CD900844F8E /* CustomCollectionView.xib */ = {isa = PBXFileReference; lastKnownFileType = file.xib; path = CustomCollectionView.xib; sourceTree = "<group>"; };
		4C25F9D822F9E79500844F8E /* SearchViewController.xib */ = {isa = PBXFileReference; fileEncoding = 4; lastKnownFileType = file.xib; path = SearchViewController.xib; sourceTree = "<group>"; };
		4C25F9D922F9E79500844F8E /* SearchViewController.swift */ = {isa = PBXFileReference; fileEncoding = 4; lastKnownFileType = sourcecode.swift; path = SearchViewController.swift; sourceTree = "<group>"; };
		4C25F9DC22F9E93B00844F8E /* SearchTableViewController.swift */ = {isa = PBXFileReference; fileEncoding = 4; lastKnownFileType = sourcecode.swift; path = SearchTableViewController.swift; sourceTree = "<group>"; };
		4C25F9DD22F9E93B00844F8E /* SearchTableViewController.xib */ = {isa = PBXFileReference; fileEncoding = 4; lastKnownFileType = file.xib; path = SearchTableViewController.xib; sourceTree = "<group>"; };
		4C25F9E022FAB8BA00844F8E /* SearchContainerViewController.swift */ = {isa = PBXFileReference; lastKnownFileType = sourcecode.swift; path = SearchContainerViewController.swift; sourceTree = "<group>"; };
		4C25F9E122FAB8BA00844F8E /* SearchContainerViewController.xib */ = {isa = PBXFileReference; lastKnownFileType = file.xib; path = SearchContainerViewController.xib; sourceTree = "<group>"; };
		4C25F9E422FB00C700844F8E /* SlideAnimatedTransitioning.swift */ = {isa = PBXFileReference; lastKnownFileType = sourcecode.swift; path = SlideAnimatedTransitioning.swift; sourceTree = "<group>"; };
		4C25F9E622FB08E400844F8E /* SearchBarContainerView.swift */ = {isa = PBXFileReference; lastKnownFileType = sourcecode.swift; path = SearchBarContainerView.swift; sourceTree = "<group>"; };
		4C25F9EC22FB18D300844F8E /* MySearchController.swift */ = {isa = PBXFileReference; lastKnownFileType = sourcecode.swift; path = MySearchController.swift; sourceTree = "<group>"; };
		4C28823C22E564B7004DFF16 /* Setting.swift */ = {isa = PBXFileReference; lastKnownFileType = sourcecode.swift; path = Setting.swift; sourceTree = "<group>"; };
		4C28823E22EC352D004DFF16 /* Theme.swift */ = {isa = PBXFileReference; lastKnownFileType = sourcecode.swift; path = Theme.swift; sourceTree = "<group>"; };
		4C3EF5E722EF4C1700BF6C99 /* NO.png */ = {isa = PBXFileReference; lastKnownFileType = image.png; path = NO.png; sourceTree = "<group>"; };
		4C3EF5E922EF98DA00BF6C99 /* ForumCellViewModel.swift */ = {isa = PBXFileReference; lastKnownFileType = sourcecode.swift; path = ForumCellViewModel.swift; sourceTree = "<group>"; };
		4C3EF5EB22EF996600BF6C99 /* ForumArticle.swift */ = {isa = PBXFileReference; lastKnownFileType = sourcecode.swift; path = ForumArticle.swift; sourceTree = "<group>"; };
		4C57A04122A832CC00F4C4D2 /* RestfulService.swift */ = {isa = PBXFileReference; lastKnownFileType = sourcecode.swift; path = RestfulService.swift; sourceTree = "<group>"; };
		4C62C3C81EA76DA00033CF37 /* PersonalQualityViewController.swift */ = {isa = PBXFileReference; fileEncoding = 4; lastKnownFileType = sourcecode.swift; path = PersonalQualityViewController.swift; sourceTree = "<group>"; };
		4C62C3C91EA76DA00033CF37 /* PersonalQualityViewController.xib */ = {isa = PBXFileReference; fileEncoding = 4; lastKnownFileType = file.xib; path = PersonalQualityViewController.xib; sourceTree = "<group>"; };
		4C65667822FEF13B00AAC0AE /* UIExtensions.swift */ = {isa = PBXFileReference; lastKnownFileType = sourcecode.swift; path = UIExtensions.swift; sourceTree = "<group>"; };
		4C6566BF2301AFA600AAC0AE /* DynamicMessageTableCell.swift */ = {isa = PBXFileReference; lastKnownFileType = sourcecode.swift; path = DynamicMessageTableCell.swift; sourceTree = "<group>"; };
		4C6566C02301AFA600AAC0AE /* DynamicMessageTableCell.xib */ = {isa = PBXFileReference; lastKnownFileType = file.xib; path = DynamicMessageTableCell.xib; sourceTree = "<group>"; };
		4C6566C52301B14E00AAC0AE /* DynamicMessageViewController.swift */ = {isa = PBXFileReference; lastKnownFileType = sourcecode.swift; path = DynamicMessageViewController.swift; sourceTree = "<group>"; };
		4C6566C62301B14E00AAC0AE /* DynamicMessageViewController.xib */ = {isa = PBXFileReference; lastKnownFileType = file.xib; path = DynamicMessageViewController.xib; sourceTree = "<group>"; };
		4C6566C92301B4C500AAC0AE /* ContainerOfDynamicMessageViewController.swift */ = {isa = PBXFileReference; lastKnownFileType = sourcecode.swift; path = ContainerOfDynamicMessageViewController.swift; sourceTree = "<group>"; };
		4C6566CA2301B4C500AAC0AE /* ContainerOfDynamicMessageViewController.xib */ = {isa = PBXFileReference; lastKnownFileType = file.xib; path = ContainerOfDynamicMessageViewController.xib; sourceTree = "<group>"; };
		4C6DD2C21E87FBD70006E378 /* RankingViewController.swift */ = {isa = PBXFileReference; fileEncoding = 4; lastKnownFileType = sourcecode.swift; path = RankingViewController.swift; sourceTree = "<group>"; };
		4C6DD2C31E87FBD70006E378 /* RankingViewController.xib */ = {isa = PBXFileReference; fileEncoding = 4; lastKnownFileType = file.xib; path = RankingViewController.xib; sourceTree = "<group>"; };
		4C6DD2C61E87FD100006E378 /* RankingDetailViewController.swift */ = {isa = PBXFileReference; fileEncoding = 4; lastKnownFileType = sourcecode.swift; path = RankingDetailViewController.swift; sourceTree = "<group>"; };
		4C6DD2C71E87FD100006E378 /* RankingDetailViewController.xib */ = {isa = PBXFileReference; fileEncoding = 4; lastKnownFileType = file.xib; path = RankingDetailViewController.xib; sourceTree = "<group>"; };
		4C6DD2CC1E8802D50006E378 /* PersonalManageViewController.swift */ = {isa = PBXFileReference; fileEncoding = 4; lastKnownFileType = sourcecode.swift; path = PersonalManageViewController.swift; sourceTree = "<group>"; };
		4C6DD2CD1E8802D50006E378 /* PersonalManageViewController.xib */ = {isa = PBXFileReference; fileEncoding = 4; lastKnownFileType = file.xib; path = PersonalManageViewController.xib; sourceTree = "<group>"; };
		4C6DD2D01E8802EB0006E378 /* AccountManageViewController.swift */ = {isa = PBXFileReference; fileEncoding = 4; lastKnownFileType = sourcecode.swift; path = AccountManageViewController.swift; sourceTree = "<group>"; };
		4C6DD2D11E8802EB0006E378 /* AccountManageViewController.xib */ = {isa = PBXFileReference; fileEncoding = 4; lastKnownFileType = file.xib; path = AccountManageViewController.xib; sourceTree = "<group>"; };
		4C6DD2D41E8809020006E378 /* Personal_RelaxListViewController.swift */ = {isa = PBXFileReference; fileEncoding = 4; lastKnownFileType = sourcecode.swift; path = Personal_RelaxListViewController.swift; sourceTree = "<group>"; };
		4C6DD2D51E8809020006E378 /* Personal_RelaxListViewController.xib */ = {isa = PBXFileReference; fileEncoding = 4; lastKnownFileType = file.xib; path = Personal_RelaxListViewController.xib; sourceTree = "<group>"; };
		4C6DD2DD1E880A160006E378 /* Situation_AnalysisViewController.swift */ = {isa = PBXFileReference; fileEncoding = 4; lastKnownFileType = sourcecode.swift; path = Situation_AnalysisViewController.swift; sourceTree = "<group>"; };
		4C6DD2DE1E880A160006E378 /* Situation_AnalysisViewController.xib */ = {isa = PBXFileReference; fileEncoding = 4; lastKnownFileType = file.xib; path = Situation_AnalysisViewController.xib; sourceTree = "<group>"; };
		4C6DD2E11E880A300006E378 /* Fatigue_PeriodViewController.swift */ = {isa = PBXFileReference; fileEncoding = 4; lastKnownFileType = sourcecode.swift; path = Fatigue_PeriodViewController.swift; sourceTree = "<group>"; };
		4C6DD2E21E880A300006E378 /* Fatigue_PeriodViewController.xib */ = {isa = PBXFileReference; fileEncoding = 4; lastKnownFileType = file.xib; path = Fatigue_PeriodViewController.xib; sourceTree = "<group>"; };
		4C6DD2E51E880A440006E378 /* Personal_RankingViewController.swift */ = {isa = PBXFileReference; fileEncoding = 4; lastKnownFileType = sourcecode.swift; path = Personal_RankingViewController.swift; sourceTree = "<group>"; };
		4C6DD2E61E880A440006E378 /* Personal_RankingViewController.xib */ = {isa = PBXFileReference; fileEncoding = 4; lastKnownFileType = file.xib; path = Personal_RankingViewController.xib; sourceTree = "<group>"; };
		4C6DD2E91E880A540006E378 /* HistoryViewController.swift */ = {isa = PBXFileReference; fileEncoding = 4; lastKnownFileType = sourcecode.swift; path = HistoryViewController.swift; sourceTree = "<group>"; };
		4C6DD2EA1E880A540006E378 /* HistoryViewController.xib */ = {isa = PBXFileReference; fileEncoding = 4; lastKnownFileType = file.xib; path = HistoryViewController.xib; sourceTree = "<group>"; };
		4C6DD2EE1E88B7D30006E378 /* ArticleDetailViewController.swift */ = {isa = PBXFileReference; fileEncoding = 4; lastKnownFileType = sourcecode.swift; path = ArticleDetailViewController.swift; sourceTree = "<group>"; };
		4C6DD2EF1E88B7D30006E378 /* ArticleDetailViewController.xib */ = {isa = PBXFileReference; fileEncoding = 4; lastKnownFileType = file.xib; path = ArticleDetailViewController.xib; sourceTree = "<group>"; };
		4C6DD2F21E88F23B0006E378 /* HistoryDetailViewController.swift */ = {isa = PBXFileReference; fileEncoding = 4; lastKnownFileType = sourcecode.swift; path = HistoryDetailViewController.swift; sourceTree = "<group>"; };
		4C6DD2F31E88F23B0006E378 /* HistoryDetailViewController.xib */ = {isa = PBXFileReference; fileEncoding = 4; lastKnownFileType = file.xib; path = HistoryDetailViewController.xib; sourceTree = "<group>"; };
		4C6DD2F61E88F3B40006E378 /* HistoryTableCell.swift */ = {isa = PBXFileReference; fileEncoding = 4; lastKnownFileType = sourcecode.swift; path = HistoryTableCell.swift; sourceTree = "<group>"; };
		4C6DD2F71E88F3B40006E378 /* HistoryTableCell.xib */ = {isa = PBXFileReference; fileEncoding = 4; lastKnownFileType = file.xib; path = HistoryTableCell.xib; sourceTree = "<group>"; };
		4C6DD2FD1E8A71890006E378 /* ChartFormatter.swift */ = {isa = PBXFileReference; fileEncoding = 4; lastKnownFileType = sourcecode.swift; path = ChartFormatter.swift; sourceTree = "<group>"; };
		4C780FE81E790C930021ED86 /* Const.swift */ = {isa = PBXFileReference; fileEncoding = 4; lastKnownFileType = sourcecode.swift; path = Const.swift; sourceTree = "<group>"; };
		4C780FEA1E7AD5E10021ED86 /* RankingCollectionCell.swift */ = {isa = PBXFileReference; fileEncoding = 4; lastKnownFileType = sourcecode.swift; path = RankingCollectionCell.swift; sourceTree = "<group>"; };
		4C780FEB1E7AD5E10021ED86 /* RankingCollectionCell.xib */ = {isa = PBXFileReference; fileEncoding = 4; lastKnownFileType = file.xib; path = RankingCollectionCell.xib; sourceTree = "<group>"; };
		4C780FF41E7C0CCE0021ED86 /* EffectCollectionView.swift */ = {isa = PBXFileReference; fileEncoding = 4; lastKnownFileType = sourcecode.swift; path = EffectCollectionView.swift; sourceTree = "<group>"; };
		4C7810791E7E54D50021ED86 /* SelectSituationViewController.swift */ = {isa = PBXFileReference; fileEncoding = 4; lastKnownFileType = sourcecode.swift; path = SelectSituationViewController.swift; sourceTree = "<group>"; };
		4C78107A1E7E54D50021ED86 /* SelectSituationViewController.xib */ = {isa = PBXFileReference; fileEncoding = 4; lastKnownFileType = file.xib; path = SelectSituationViewController.xib; sourceTree = "<group>"; };
		4C78107F1E7E55530021ED86 /* DetectViewController.swift */ = {isa = PBXFileReference; fileEncoding = 4; lastKnownFileType = sourcecode.swift; path = DetectViewController.swift; sourceTree = "<group>"; };
		4C7810801E7E55530021ED86 /* DetectViewController.xib */ = {isa = PBXFileReference; fileEncoding = 4; lastKnownFileType = file.xib; path = DetectViewController.xib; sourceTree = "<group>"; };
		4C7810851E7E7E470021ED86 /* BTServiceInfo.swift */ = {isa = PBXFileReference; fileEncoding = 4; lastKnownFileType = sourcecode.swift; path = BTServiceInfo.swift; sourceTree = "<group>"; };
		4C78108B1E7FDDC90021ED86 /* UINavigationService.swift */ = {isa = PBXFileReference; fileEncoding = 4; lastKnownFileType = sourcecode.swift; path = UINavigationService.swift; sourceTree = "<group>"; };
		4C84C02622B2537200CDF76D /* UIApplicationExtension.swift */ = {isa = PBXFileReference; lastKnownFileType = sourcecode.swift; path = UIApplicationExtension.swift; sourceTree = "<group>"; };
		4C84C0C422C28BD200CDF76D /* 4.png */ = {isa = PBXFileReference; lastKnownFileType = image.png; path = 4.png; sourceTree = "<group>"; };
		4C84C0C522C28BD200CDF76D /* 2.png */ = {isa = PBXFileReference; lastKnownFileType = image.png; path = 2.png; sourceTree = "<group>"; };
		4C84C0C622C28BD300CDF76D /* 7.png */ = {isa = PBXFileReference; lastKnownFileType = image.png; path = 7.png; sourceTree = "<group>"; };
		4C84C0C722C28BD300CDF76D /* 3.jpg */ = {isa = PBXFileReference; lastKnownFileType = image.jpeg; path = 3.jpg; sourceTree = "<group>"; };
		4C84C0C822C28BD300CDF76D /* 5.png */ = {isa = PBXFileReference; lastKnownFileType = image.png; path = 5.png; sourceTree = "<group>"; };
		4C84C0C922C28BD300CDF76D /* 1.png */ = {isa = PBXFileReference; lastKnownFileType = image.png; path = 1.png; sourceTree = "<group>"; };
		4C84C0CA22C28BD300CDF76D /* 6.png */ = {isa = PBXFileReference; lastKnownFileType = image.png; path = 6.png; sourceTree = "<group>"; };
		4C84C0DC22C2953600CDF76D /* NewsCellViewModel.swift */ = {isa = PBXFileReference; fileEncoding = 4; lastKnownFileType = sourcecode.swift; path = NewsCellViewModel.swift; sourceTree = "<group>"; };
		4C92BB9322F2CEFE007CA8B0 /* ContentViewController.swift */ = {isa = PBXFileReference; lastKnownFileType = sourcecode.swift; path = ContentViewController.swift; sourceTree = "<group>"; };
		4C92BB9422F2CEFE007CA8B0 /* ContentViewController.xib */ = {isa = PBXFileReference; lastKnownFileType = file.xib; path = ContentViewController.xib; sourceTree = "<group>"; };
		4CCCD3B02301C02300022A9E /* DynamicMessageCellViewModel.swift */ = {isa = PBXFileReference; lastKnownFileType = sourcecode.swift; path = DynamicMessageCellViewModel.swift; sourceTree = "<group>"; };
		4CCCD3B22301C06A00022A9E /* DynamicMessage.swift */ = {isa = PBXFileReference; lastKnownFileType = sourcecode.swift; path = DynamicMessage.swift; sourceTree = "<group>"; };
		4CCCD3B42302F65600022A9E /* GalleryCollectionView.swift */ = {isa = PBXFileReference; lastKnownFileType = sourcecode.swift; path = GalleryCollectionView.swift; sourceTree = "<group>"; };
		4CCCD3B6230305D600022A9E /* GalleryCollectionCell.swift */ = {isa = PBXFileReference; lastKnownFileType = sourcecode.swift; path = GalleryCollectionCell.swift; sourceTree = "<group>"; };
		4CCCD3B7230305D600022A9E /* GalleryCollectionCell.xib */ = {isa = PBXFileReference; lastKnownFileType = file.xib; path = GalleryCollectionCell.xib; sourceTree = "<group>"; };
		4CD5564622F20A5500EFF4E2 /* CustomUIScrollView.swift */ = {isa = PBXFileReference; lastKnownFileType = sourcecode.swift; path = CustomUIScrollView.swift; sourceTree = "<group>"; };
		4CD5564822F20A6300EFF4E2 /* CustomUIScrollView.xib */ = {isa = PBXFileReference; lastKnownFileType = file.xib; path = CustomUIScrollView.xib; sourceTree = "<group>"; };
		4CE981001E82817E00549400 /* ForumTableCell.swift */ = {isa = PBXFileReference; fileEncoding = 4; lastKnownFileType = sourcecode.swift; path = ForumTableCell.swift; sourceTree = "<group>"; };
		4CE981011E82817E00549400 /* ForumTableCell.xib */ = {isa = PBXFileReference; fileEncoding = 4; lastKnownFileType = file.xib; path = ForumTableCell.xib; sourceTree = "<group>"; };
		4CE981041E839BE200549400 /* PopularityCollectionView.swift */ = {isa = PBXFileReference; fileEncoding = 4; lastKnownFileType = sourcecode.swift; path = PopularityCollectionView.swift; sourceTree = "<group>"; };
		4CF78A631E6D62F80063254E /* HomeTabBarController.swift */ = {isa = PBXFileReference; fileEncoding = 4; lastKnownFileType = sourcecode.swift; path = HomeTabBarController.swift; sourceTree = "<group>"; };
		4CF78A641E6D62F80063254E /* HomeTabBarController.xib */ = {isa = PBXFileReference; fileEncoding = 4; lastKnownFileType = file.xib; path = HomeTabBarController.xib; sourceTree = "<group>"; };
		4CF78A6B1E6D7BD50063254E /* MainViewController.swift */ = {isa = PBXFileReference; fileEncoding = 4; lastKnownFileType = sourcecode.swift; path = MainViewController.swift; sourceTree = "<group>"; };
		4CF78A6C1E6D7BD50063254E /* MainViewController.xib */ = {isa = PBXFileReference; fileEncoding = 4; lastKnownFileType = file.xib; path = MainViewController.xib; sourceTree = "<group>"; };
		4CF78A6F1E6D7BE10063254E /* ForumViewController.swift */ = {isa = PBXFileReference; fileEncoding = 4; lastKnownFileType = sourcecode.swift; path = ForumViewController.swift; sourceTree = "<group>"; };
		4CF78A701E6D7BE10063254E /* ForumViewController.xib */ = {isa = PBXFileReference; fileEncoding = 4; lastKnownFileType = file.xib; path = ForumViewController.xib; sourceTree = "<group>"; };
		4CF78A731E6D7BEE0063254E /* ManageViewController.swift */ = {isa = PBXFileReference; fileEncoding = 4; lastKnownFileType = sourcecode.swift; path = ManageViewController.swift; sourceTree = "<group>"; };
		4CF78A741E6D7BEE0063254E /* ManageViewController.xib */ = {isa = PBXFileReference; fileEncoding = 4; lastKnownFileType = file.xib; path = ManageViewController.xib; sourceTree = "<group>"; };
		6A50D4E2279D2C0144C94E7B /* Pods-LoosenUPUITests.debug.xcconfig */ = {isa = PBXFileReference; includeInIndex = 1; lastKnownFileType = text.xcconfig; name = "Pods-LoosenUPUITests.debug.xcconfig"; path = "Pods/Target Support Files/Pods-LoosenUPUITests/Pods-LoosenUPUITests.debug.xcconfig"; sourceTree = "<group>"; };
		7836D43F73F5976B91B704A0 /* Pods-LoosenUPUITests.release.xcconfig */ = {isa = PBXFileReference; includeInIndex = 1; lastKnownFileType = text.xcconfig; name = "Pods-LoosenUPUITests.release.xcconfig"; path = "Pods/Target Support Files/Pods-LoosenUPUITests/Pods-LoosenUPUITests.release.xcconfig"; sourceTree = "<group>"; };
		AB4C308A595D1D787D35185C /* Pods_LoosenUPTests.framework */ = {isa = PBXFileReference; explicitFileType = wrapper.framework; includeInIndex = 0; path = Pods_LoosenUPTests.framework; sourceTree = BUILT_PRODUCTS_DIR; };
		AF45826276B5B3AB2CC78848 /* Pods_LoosenUPUITests.framework */ = {isa = PBXFileReference; explicitFileType = wrapper.framework; includeInIndex = 0; path = Pods_LoosenUPUITests.framework; sourceTree = BUILT_PRODUCTS_DIR; };
/* End PBXFileReference section */

/* Begin PBXFrameworksBuildPhase section */
		4C117FF71E6964C500155C4D /* Frameworks */ = {
			isa = PBXFrameworksBuildPhase;
			buildActionMask = 2147483647;
			files = (
				693DF0F0A013DD2AED86797B /* Pods_LoosenUP.framework in Frameworks */,
			);
			runOnlyForDeploymentPostprocessing = 0;
		};
		4C11800B1E6964C500155C4D /* Frameworks */ = {
			isa = PBXFrameworksBuildPhase;
			buildActionMask = 2147483647;
			files = (
				828B32CEE8E107C6434F40BD /* Pods_LoosenUPTests.framework in Frameworks */,
			);
			runOnlyForDeploymentPostprocessing = 0;
		};
		4C1180161E6964C500155C4D /* Frameworks */ = {
			isa = PBXFrameworksBuildPhase;
			buildActionMask = 2147483647;
			files = (
				81C730386239A595AE4CF0B1 /* Pods_LoosenUPUITests.framework in Frameworks */,
			);
			runOnlyForDeploymentPostprocessing = 0;
		};
/* End PBXFrameworksBuildPhase section */

/* Begin PBXGroup section */
		4C117FF11E6964C500155C4D = {
			isa = PBXGroup;
			children = (
				4C117FFC1E6964C500155C4D /* LoosenUP */,
				4C1180111E6964C500155C4D /* LoosenUPTests */,
				4C11801C1E6964C500155C4D /* LoosenUPUITests */,
				4C117FFB1E6964C500155C4D /* Products */,
				4E1043A48108F5190383AE1A /* Pods */,
				BD4328E8325929B144826401 /* Frameworks */,
			);
			sourceTree = "<group>";
		};
		4C117FFB1E6964C500155C4D /* Products */ = {
			isa = PBXGroup;
			children = (
				4C117FFA1E6964C500155C4D /* LoosenUP.app */,
				4C11800E1E6964C500155C4D /* LoosenUPTests.xctest */,
				4C1180191E6964C500155C4D /* LoosenUPUITests.xctest */,
			);
			name = Products;
			sourceTree = "<group>";
		};
		4C117FFC1E6964C500155C4D /* LoosenUP */ = {
			isa = PBXGroup;
			children = (
				4C117FFD1E6964C500155C4D /* AppDelegate.swift */,
				4C11802E1E6AAB8C00155C4D /* Service */,
				4C11802C1E6AAB6C00155C4D /* Views */,
				4C11802B1E6AAB6300155C4D /* Controllers */,
				4C11802D1E6AAB7400155C4D /* Models */,
				4C1180891E6D417D00155C4D /* ViewModels */,
				4C1180871E6D40F100155C4D /* Support_File */,
			);
			path = LoosenUP;
			sourceTree = "<group>";
		};
		4C1180111E6964C500155C4D /* LoosenUPTests */ = {
			isa = PBXGroup;
			children = (
				4C1180121E6964C500155C4D /* LoosenUPTests.swift */,
				4C1180141E6964C500155C4D /* Info.plist */,
			);
			path = LoosenUPTests;
			sourceTree = "<group>";
		};
		4C11801C1E6964C500155C4D /* LoosenUPUITests */ = {
			isa = PBXGroup;
			children = (
				4C11801D1E6964C500155C4D /* LoosenUPUITests.swift */,
				4C11801F1E6964C500155C4D /* Info.plist */,
			);
			path = LoosenUPUITests;
			sourceTree = "<group>";
		};
		4C11802B1E6AAB6300155C4D /* Controllers */ = {
			isa = PBXGroup;
			children = (
				4CF78A631E6D62F80063254E /* HomeTabBarController.swift */,
				4C780FEE1E7BDBA60021ED86 /* MainViewController */,
				4C780FEF1E7BDBBD0021ED86 /* ForumViewController */,
				4C780FF01E7BDC400021ED86 /* ManageViewController */,
				4C25F9EE22FB308600844F8E /* ShelfViewController */,
				4C6566C32301B04900AAC0AE /* DynamicMessageViewController */,
			);
			name = Controllers;
			sourceTree = "<group>";
		};
		4C11802C1E6AAB6C00155C4D /* Views */ = {
			isa = PBXGroup;
			children = (
				4CF78A641E6D62F80063254E /* HomeTabBarController.xib */,
				4C780FF11E7BDF8F0021ED86 /* MainView */,
				4C780FF21E7BDF960021ED86 /* ForumView */,
				4C780FF31E7BDF9E0021ED86 /* ManagementView */,
				4C25F9EF22FB310700844F8E /* ShelfViewController */,
				4C6566C42301B10C00AAC0AE /* DynamicMessageView */,
				4C11802F1E6AABB700155C4D /* Share */,
			);
			name = Views;
			sourceTree = "<group>";
		};
		4C11802D1E6AAB7400155C4D /* Models */ = {
			isa = PBXGroup;
			children = (
				4C3EF5EB22EF996600BF6C99 /* ForumArticle.swift */,
				4C1180771E6C7BBD00155C4D /* News.swift */,
				4CCCD3B22301C06A00022A9E /* DynamicMessage.swift */,
			);
			name = Models;
			sourceTree = "<group>";
		};
		4C11802E1E6AAB8C00155C4D /* Service */ = {
			isa = PBXGroup;
			children = (
				4C6566BC22FF6C6400AAC0AE /* RestfulService */,
				4C21DBC61EA11A280042DFA6 /* PIRippleService */,
				4C21DB421EA0AD110042DFA6 /* RAMAnimateService */,
				4C7810871E7FDA630021ED86 /* UIExtensions */,
				4C780FE81E790C930021ED86 /* Const.swift */,
				4C7810851E7E7E470021ED86 /* BTServiceInfo.swift */,
				4C6DD2FD1E8A71890006E378 /* ChartFormatter.swift */,
				4C28823C22E564B7004DFF16 /* Setting.swift */,
				4C28823E22EC352D004DFF16 /* Theme.swift */,
			);
			name = Service;
			sourceTree = "<group>";
		};
		4C11802F1E6AABB700155C4D /* Share */ = {
			isa = PBXGroup;
			children = (
				4C780FEA1E7AD5E10021ED86 /* RankingCollectionCell.swift */,
				4C780FEB1E7AD5E10021ED86 /* RankingCollectionCell.xib */,
				4CE981001E82817E00549400 /* ForumTableCell.swift */,
				4CE981011E82817E00549400 /* ForumTableCell.xib */,
				4C6DD2F61E88F3B40006E378 /* HistoryTableCell.swift */,
				4C6DD2F71E88F3B40006E378 /* HistoryTableCell.xib */,
				4CD5564622F20A5500EFF4E2 /* CustomUIScrollView.swift */,
				4CD5564822F20A6300EFF4E2 /* CustomUIScrollView.xib */,
				4C92BB9322F2CEFE007CA8B0 /* ContentViewController.swift */,
				4C92BB9422F2CEFE007CA8B0 /* ContentViewController.xib */,
				4C25F9BF22F81CB100844F8E /* CustomCollectionView.swift */,
				4C25F9C122F81CD900844F8E /* CustomCollectionView.xib */,
			);
			name = Share;
			sourceTree = "<group>";
		};
		4C1180871E6D40F100155C4D /* Support_File */ = {
			isa = PBXGroup;
			children = (
				4C780FD91E77BA630021ED86 /* Resource */,
				4C25F96A22F5FD4900844F8E /* loading_cat.gif */,
				4C1180011E6964C500155C4D /* Main.storyboard */,
				4C1180041E6964C500155C4D /* Assets.xcassets */,
				4C1180061E6964C500155C4D /* LaunchScreen.storyboard */,
				4C1180091E6964C500155C4D /* Info.plist */,
				4C25F95E22F5F70800844F8E /* Localizable.strings */,
				4C25F96522F5FB2B00844F8E /* InfoPlist.strings */,
			);
			name = Support_File;
			sourceTree = "<group>";
		};
		4C1180891E6D417D00155C4D /* ViewModels */ = {
			isa = PBXGroup;
			children = (
				4C3EF5E922EF98DA00BF6C99 /* ForumCellViewModel.swift */,
				4C84C0DC22C2953600CDF76D /* NewsCellViewModel.swift */,
				4CCCD3B02301C02300022A9E /* DynamicMessageCellViewModel.swift */,
			);
			name = ViewModels;
			sourceTree = "<group>";
		};
		4C21DB421EA0AD110042DFA6 /* RAMAnimateService */ = {
			isa = PBXGroup;
			children = (
				4C21DB431EA0AD2A0042DFA6 /* RAMAnimateService.swift */,
			);
			name = RAMAnimateService;
			sourceTree = "<group>";
		};
		4C21DBC61EA11A280042DFA6 /* PIRippleService */ = {
			isa = PBXGroup;
			children = (
				4C21DBC71EA11A3E0042DFA6 /* PIRipple.swift */,
			);
			name = PIRippleService;
			sourceTree = "<group>";
		};
		4C25F9EE22FB308600844F8E /* ShelfViewController */ = {
			isa = PBXGroup;
			children = (
				4C62C3C81EA76DA00033CF37 /* PersonalQualityViewController.swift */,
				4C25F9D922F9E79500844F8E /* SearchViewController.swift */,
				4C25F9E022FAB8BA00844F8E /* SearchContainerViewController.swift */,
				4C25F9DC22F9E93B00844F8E /* SearchTableViewController.swift */,
				4C25F9E422FB00C700844F8E /* SlideAnimatedTransitioning.swift */,
				4C25F9E622FB08E400844F8E /* SearchBarContainerView.swift */,
				4C25F9EC22FB18D300844F8E /* MySearchController.swift */,
			);
			name = ShelfViewController;
			sourceTree = "<group>";
		};
		4C25F9EF22FB310700844F8E /* ShelfViewController */ = {
			isa = PBXGroup;
			children = (
				4C62C3C91EA76DA00033CF37 /* PersonalQualityViewController.xib */,
				4C25F9D822F9E79500844F8E /* SearchViewController.xib */,
				4C25F9E122FAB8BA00844F8E /* SearchContainerViewController.xib */,
				4C25F9DD22F9E93B00844F8E /* SearchTableViewController.xib */,
			);
			name = ShelfViewController;
			sourceTree = "<group>";
		};
		4C6566BC22FF6C6400AAC0AE /* RestfulService */ = {
			isa = PBXGroup;
			children = (
				4C1180341E6AB95D00155C4D /* GetUrl.swift */,
				4C1180791E6CFFE000155C4D /* ApiList.swift */,
				4C57A04122A832CC00F4C4D2 /* RestfulService.swift */,
			);
			name = RestfulService;
			sourceTree = "<group>";
		};
		4C6566C32301B04900AAC0AE /* DynamicMessageViewController */ = {
			isa = PBXGroup;
			children = (
				4C6566C52301B14E00AAC0AE /* DynamicMessageViewController.swift */,
				4C6566C62301B14E00AAC0AE /* DynamicMessageViewController.xib */,
				4C6566C92301B4C500AAC0AE /* ContainerOfDynamicMessageViewController.swift */,
				4C6566CA2301B4C500AAC0AE /* ContainerOfDynamicMessageViewController.xib */,
				4C6566BF2301AFA600AAC0AE /* DynamicMessageTableCell.swift */,
				4C6566C02301AFA600AAC0AE /* DynamicMessageTableCell.xib */,
				4CCCD3B42302F65600022A9E /* GalleryCollectionView.swift */,
				4CCCD3B6230305D600022A9E /* GalleryCollectionCell.swift */,
				4CCCD3B7230305D600022A9E /* GalleryCollectionCell.xib */,
			);
			name = DynamicMessageViewController;
			sourceTree = "<group>";
		};
		4C6566C42301B10C00AAC0AE /* DynamicMessageView */ = {
			isa = PBXGroup;
			children = (
			);
			name = DynamicMessageView;
			sourceTree = "<group>";
		};
		4C780FD91E77BA630021ED86 /* Resource */ = {
			isa = PBXGroup;
			children = (
				4C3EF5E722EF4C1700BF6C99 /* NO.png */,
				4C84C0C922C28BD300CDF76D /* 1.png */,
				4C84C0C522C28BD200CDF76D /* 2.png */,
				4C84C0C722C28BD300CDF76D /* 3.jpg */,
				4C84C0C422C28BD200CDF76D /* 4.png */,
				4C84C0C822C28BD300CDF76D /* 5.png */,
				4C84C0CA22C28BD300CDF76D /* 6.png */,
				4C84C0C622C28BD300CDF76D /* 7.png */,
				4C21DC071EA47F700042DFA6 /* NO5.png */,
				4C21DC081EA47F700042DFA6 /* NO4.png */,
				4C21DC091EA47F700042DFA6 /* NO3.png */,
				4C21DC0A1EA47F700042DFA6 /* NO2.png */,
				4C21DC0B1EA47F700042DFA6 /* NO1.png */,
			);
			name = Resource;
			sourceTree = "<group>";
		};
		4C780FEE1E7BDBA60021ED86 /* MainViewController */ = {
			isa = PBXGroup;
			children = (
				4CF78A6B1E6D7BD50063254E /* MainViewController.swift */,
				4C780FF41E7C0CCE0021ED86 /* EffectCollectionView.swift */,
				4CE981041E839BE200549400 /* PopularityCollectionView.swift */,
				4C6DD2C21E87FBD70006E378 /* RankingViewController.swift */,
				4C6DD2C61E87FD100006E378 /* RankingDetailViewController.swift */,
				4C78107F1E7E55530021ED86 /* DetectViewController.swift */,
				4C7810791E7E54D50021ED86 /* SelectSituationViewController.swift */,
			);
			name = MainViewController;
			sourceTree = "<group>";
		};
		4C780FEF1E7BDBBD0021ED86 /* ForumViewController */ = {
			isa = PBXGroup;
			children = (
				4CF78A6F1E6D7BE10063254E /* ForumViewController.swift */,
				4C6DD2EE1E88B7D30006E378 /* ArticleDetailViewController.swift */,
			);
			name = ForumViewController;
			sourceTree = "<group>";
		};
		4C780FF01E7BDC400021ED86 /* ManageViewController */ = {
			isa = PBXGroup;
			children = (
				4CF78A731E6D7BEE0063254E /* ManageViewController.swift */,
				4C6DD2D01E8802EB0006E378 /* AccountManageViewController.swift */,
				4C6DD2D41E8809020006E378 /* Personal_RelaxListViewController.swift */,
				4C6DD2DD1E880A160006E378 /* Situation_AnalysisViewController.swift */,
				4C6DD2E11E880A300006E378 /* Fatigue_PeriodViewController.swift */,
				4C6DD2E51E880A440006E378 /* Personal_RankingViewController.swift */,
				4C6DD2E91E880A540006E378 /* HistoryViewController.swift */,
				4C6DD2F21E88F23B0006E378 /* HistoryDetailViewController.swift */,
				4C6DD2CC1E8802D50006E378 /* PersonalManageViewController.swift */,
			);
			name = ManageViewController;
			sourceTree = "<group>";
		};
		4C780FF11E7BDF8F0021ED86 /* MainView */ = {
			isa = PBXGroup;
			children = (
				4CF78A6C1E6D7BD50063254E /* MainViewController.xib */,
				4C7810801E7E55530021ED86 /* DetectViewController.xib */,
				4C78107A1E7E54D50021ED86 /* SelectSituationViewController.xib */,
				4C6DD2C31E87FBD70006E378 /* RankingViewController.xib */,
				4C6DD2C71E87FD100006E378 /* RankingDetailViewController.xib */,
			);
			name = MainView;
			sourceTree = "<group>";
		};
		4C780FF21E7BDF960021ED86 /* ForumView */ = {
			isa = PBXGroup;
			children = (
				4CF78A701E6D7BE10063254E /* ForumViewController.xib */,
				4C6DD2EF1E88B7D30006E378 /* ArticleDetailViewController.xib */,
			);
			name = ForumView;
			sourceTree = "<group>";
		};
		4C780FF31E7BDF9E0021ED86 /* ManagementView */ = {
			isa = PBXGroup;
			children = (
				4CF78A741E6D7BEE0063254E /* ManageViewController.xib */,
				4C6DD2D11E8802EB0006E378 /* AccountManageViewController.xib */,
				4C6DD2D51E8809020006E378 /* Personal_RelaxListViewController.xib */,
				4C6DD2DE1E880A160006E378 /* Situation_AnalysisViewController.xib */,
				4C6DD2E21E880A300006E378 /* Fatigue_PeriodViewController.xib */,
				4C6DD2E61E880A440006E378 /* Personal_RankingViewController.xib */,
				4C6DD2EA1E880A540006E378 /* HistoryViewController.xib */,
				4C6DD2F31E88F23B0006E378 /* HistoryDetailViewController.xib */,
				4C6DD2CD1E8802D50006E378 /* PersonalManageViewController.xib */,
			);
			name = ManagementView;
			sourceTree = "<group>";
		};
		4C7810871E7FDA630021ED86 /* UIExtensions */ = {
			isa = PBXGroup;
			children = (
				4C78108B1E7FDDC90021ED86 /* UINavigationService.swift */,
				4C84C02622B2537200CDF76D /* UIApplicationExtension.swift */,
				4C65667822FEF13B00AAC0AE /* UIExtensions.swift */,
			);
			name = UIExtensions;
			sourceTree = "<group>";
		};
		4E1043A48108F5190383AE1A /* Pods */ = {
			isa = PBXGroup;
			children = (
				313FF84C1070096BBDD8F34E /* Pods-LoosenUP.debug.xcconfig */,
				0236D61E1CE0743A8BBFE761 /* Pods-LoosenUP.release.xcconfig */,
				04766C909FE21AD4EC9D855E /* Pods-LoosenUPTests.debug.xcconfig */,
				41FB2AAD7A3AFFE29CEDF229 /* Pods-LoosenUPTests.release.xcconfig */,
				6A50D4E2279D2C0144C94E7B /* Pods-LoosenUPUITests.debug.xcconfig */,
				7836D43F73F5976B91B704A0 /* Pods-LoosenUPUITests.release.xcconfig */,
			);
			name = Pods;
			sourceTree = "<group>";
		};
		BD4328E8325929B144826401 /* Frameworks */ = {
			isa = PBXGroup;
			children = (
				39EEED0F7ECE33F330DC3B27 /* Pods_LoosenUP.framework */,
				AB4C308A595D1D787D35185C /* Pods_LoosenUPTests.framework */,
				AF45826276B5B3AB2CC78848 /* Pods_LoosenUPUITests.framework */,
			);
			name = Frameworks;
			sourceTree = "<group>";
		};
/* End PBXGroup section */

/* Begin PBXNativeTarget section */
		4C117FF91E6964C500155C4D /* LoosenUP */ = {
			isa = PBXNativeTarget;
			buildConfigurationList = 4C1180221E6964C500155C4D /* Build configuration list for PBXNativeTarget "LoosenUP" */;
			buildPhases = (
				8B611B3F8E3BC4A22DA54BA8 /* [CP] Check Pods Manifest.lock */,
				4C117FF61E6964C500155C4D /* Sources */,
				4C117FF71E6964C500155C4D /* Frameworks */,
				4C117FF81E6964C500155C4D /* Resources */,
				A8D8051851C698F9BC23EF8E /* [CP] Embed Pods Frameworks */,
				1826AA3AA6FF929C2C0DF72A /* [CP] Copy Pods Resources */,
			);
			buildRules = (
			);
			dependencies = (
			);
			name = LoosenUP;
			productName = LoosenUP;
			productReference = 4C117FFA1E6964C500155C4D /* LoosenUP.app */;
			productType = "com.apple.product-type.application";
		};
		4C11800D1E6964C500155C4D /* LoosenUPTests */ = {
			isa = PBXNativeTarget;
			buildConfigurationList = 4C1180251E6964C500155C4D /* Build configuration list for PBXNativeTarget "LoosenUPTests" */;
			buildPhases = (
				E5584A0D2138736996EA1288 /* [CP] Check Pods Manifest.lock */,
				4C11800A1E6964C500155C4D /* Sources */,
				4C11800B1E6964C500155C4D /* Frameworks */,
				4C11800C1E6964C500155C4D /* Resources */,
			);
			buildRules = (
			);
			dependencies = (
				4C1180101E6964C500155C4D /* PBXTargetDependency */,
			);
			name = LoosenUPTests;
			productName = LoosenUPTests;
			productReference = 4C11800E1E6964C500155C4D /* LoosenUPTests.xctest */;
			productType = "com.apple.product-type.bundle.unit-test";
		};
		4C1180181E6964C500155C4D /* LoosenUPUITests */ = {
			isa = PBXNativeTarget;
			buildConfigurationList = 4C1180281E6964C500155C4D /* Build configuration list for PBXNativeTarget "LoosenUPUITests" */;
			buildPhases = (
				CFBB7EE5BC789137F3DE13A4 /* [CP] Check Pods Manifest.lock */,
				4C1180151E6964C500155C4D /* Sources */,
				4C1180161E6964C500155C4D /* Frameworks */,
				4C1180171E6964C500155C4D /* Resources */,
			);
			buildRules = (
			);
			dependencies = (
				4C11801B1E6964C500155C4D /* PBXTargetDependency */,
			);
			name = LoosenUPUITests;
			productName = LoosenUPUITests;
			productReference = 4C1180191E6964C500155C4D /* LoosenUPUITests.xctest */;
			productType = "com.apple.product-type.bundle.ui-testing";
		};
/* End PBXNativeTarget section */

/* Begin PBXProject section */
		4C117FF21E6964C500155C4D /* Project object */ = {
			isa = PBXProject;
			attributes = {
				LastSwiftUpdateCheck = 0820;
				LastUpgradeCheck = 1010;
				ORGANIZATIONNAME = "黃麒安";
				TargetAttributes = {
					4C117FF91E6964C500155C4D = {
						CreatedOnToolsVersion = 8.2.1;
						DevelopmentTeam = PKLAFCY323;
						LastSwiftMigration = 1010;
						ProvisioningStyle = Automatic;
					};
					4C11800D1E6964C500155C4D = {
						CreatedOnToolsVersion = 8.2.1;
						DevelopmentTeam = PKLAFCY323;
						LastSwiftMigration = 1010;
						ProvisioningStyle = Automatic;
						TestTargetID = 4C117FF91E6964C500155C4D;
					};
					4C1180181E6964C500155C4D = {
						CreatedOnToolsVersion = 8.2.1;
						DevelopmentTeam = PKLAFCY323;
						LastSwiftMigration = 1010;
						ProvisioningStyle = Automatic;
						TestTargetID = 4C117FF91E6964C500155C4D;
					};
				};
			};
			buildConfigurationList = 4C117FF51E6964C500155C4D /* Build configuration list for PBXProject "LoosenUP" */;
			compatibilityVersion = "Xcode 3.2";
			developmentRegion = English;
			hasScannedForEncodings = 0;
			knownRegions = (
				English,
				en,
				Base,
				"zh-Hans",
				"zh-Hant",
			);
			mainGroup = 4C117FF11E6964C500155C4D;
			productRefGroup = 4C117FFB1E6964C500155C4D /* Products */;
			projectDirPath = "";
			projectRoot = "";
			targets = (
				4C117FF91E6964C500155C4D /* LoosenUP */,
				4C11800D1E6964C500155C4D /* LoosenUPTests */,
				4C1180181E6964C500155C4D /* LoosenUPUITests */,
			);
		};
/* End PBXProject section */

/* Begin PBXResourcesBuildPhase section */
		4C117FF81E6964C500155C4D /* Resources */ = {
			isa = PBXResourcesBuildPhase;
			buildActionMask = 2147483647;
			files = (
				4C84C0CB22C28BD300CDF76D /* 4.png in Resources */,
				4CE981031E82817E00549400 /* ForumTableCell.xib in Resources */,
				4C6566C22301AFA600AAC0AE /* DynamicMessageTableCell.xib in Resources */,
				4C92BB9622F2CEFE007CA8B0 /* ContentViewController.xib in Resources */,
				4C84C0CF22C28BD300CDF76D /* 5.png in Resources */,
				4C84C0CC22C28BD300CDF76D /* 2.png in Resources */,
				4C21DC0D1EA47F700042DFA6 /* NO4.png in Resources */,
				4C78107C1E7E54D50021ED86 /* SelectSituationViewController.xib in Resources */,
				4C84C0D122C28BD300CDF76D /* 6.png in Resources */,
				4CF78A721E6D7BE10063254E /* ForumViewController.xib in Resources */,
				4C6DD2C51E87FBD70006E378 /* RankingViewController.xib in Resources */,
				4C780FED1E7AD5E10021ED86 /* RankingCollectionCell.xib in Resources */,
				4C25F9C222F81CD900844F8E /* CustomCollectionView.xib in Resources */,
				4CF78A661E6D62F80063254E /* HomeTabBarController.xib in Resources */,
				4C21DC0F1EA47F700042DFA6 /* NO2.png in Resources */,
				4CF78A6E1E6D7BD50063254E /* MainViewController.xib in Resources */,
				4C6DD2F51E88F23B0006E378 /* HistoryDetailViewController.xib in Resources */,
				4C62C3CB1EA76DA00033CF37 /* PersonalQualityViewController.xib in Resources */,
				4C6DD2CF1E8802D50006E378 /* PersonalManageViewController.xib in Resources */,
				4C6DD2E81E880A440006E378 /* Personal_RankingViewController.xib in Resources */,
				4C25F96822F5FD4900844F8E /* loading_cat.gif in Resources */,
				4C6DD2C91E87FD100006E378 /* RankingDetailViewController.xib in Resources */,
				4C25F9DF22F9E93B00844F8E /* SearchTableViewController.xib in Resources */,
				4C84C0CD22C28BD300CDF76D /* 7.png in Resources */,
				4CCCD3B9230305D600022A9E /* GalleryCollectionCell.xib in Resources */,
				4C6DD2D71E8809020006E378 /* Personal_RelaxListViewController.xib in Resources */,
				4C6DD2E01E880A160006E378 /* Situation_AnalysisViewController.xib in Resources */,
				4C25F96322F5FB2B00844F8E /* InfoPlist.strings in Resources */,
				4C21DC0E1EA47F700042DFA6 /* NO3.png in Resources */,
				4C6DD2E41E880A300006E378 /* Fatigue_PeriodViewController.xib in Resources */,
				4C25F9E322FAB8BA00844F8E /* SearchContainerViewController.xib in Resources */,
				4C1180081E6964C500155C4D /* LaunchScreen.storyboard in Resources */,
				4C6566CC2301B4C500AAC0AE /* ContainerOfDynamicMessageViewController.xib in Resources */,
				4C1180051E6964C500155C4D /* Assets.xcassets in Resources */,
				4CF78A761E6D7BEE0063254E /* ManageViewController.xib in Resources */,
				4C84C0D022C28BD300CDF76D /* 1.png in Resources */,
				4C3EF5E822EF4C1700BF6C99 /* NO.png in Resources */,
				4C25F95C22F5F70800844F8E /* Localizable.strings in Resources */,
				4C6566C82301B14E00AAC0AE /* DynamicMessageViewController.xib in Resources */,
				4C7810821E7E55530021ED86 /* DetectViewController.xib in Resources */,
				4C84C0CE22C28BD300CDF76D /* 3.jpg in Resources */,
				4CD5564922F20A6300EFF4E2 /* CustomUIScrollView.xib in Resources */,
				4C6DD2D31E8802EB0006E378 /* AccountManageViewController.xib in Resources */,
				4C21DC0C1EA47F700042DFA6 /* NO5.png in Resources */,
				4C25F9DA22F9E79500844F8E /* SearchViewController.xib in Resources */,
				4C1180031E6964C500155C4D /* Main.storyboard in Resources */,
				4C6DD2EC1E880A540006E378 /* HistoryViewController.xib in Resources */,
				4C6DD2F11E88B7D30006E378 /* ArticleDetailViewController.xib in Resources */,
				4C21DC101EA47F700042DFA6 /* NO1.png in Resources */,
				4C6DD2F91E88F3B40006E378 /* HistoryTableCell.xib in Resources */,
			);
			runOnlyForDeploymentPostprocessing = 0;
		};
		4C11800C1E6964C500155C4D /* Resources */ = {
			isa = PBXResourcesBuildPhase;
			buildActionMask = 2147483647;
			files = (
			);
			runOnlyForDeploymentPostprocessing = 0;
		};
		4C1180171E6964C500155C4D /* Resources */ = {
			isa = PBXResourcesBuildPhase;
			buildActionMask = 2147483647;
			files = (
			);
			runOnlyForDeploymentPostprocessing = 0;
		};
/* End PBXResourcesBuildPhase section */

/* Begin PBXShellScriptBuildPhase section */
		1826AA3AA6FF929C2C0DF72A /* [CP] Copy Pods Resources */ = {
			isa = PBXShellScriptBuildPhase;
			buildActionMask = 2147483647;
			files = (
			);
			inputPaths = (
				"${PODS_ROOT}/Target Support Files/Pods-LoosenUP/Pods-LoosenUP-resources.sh",
				"${PODS_ROOT}/GoogleSignIn/Resources/GoogleSignIn.bundle",
			);
			name = "[CP] Copy Pods Resources";
			outputPaths = (
				"${TARGET_BUILD_DIR}/${UNLOCALIZED_RESOURCES_FOLDER_PATH}/GoogleSignIn.bundle",
			);
			runOnlyForDeploymentPostprocessing = 0;
			shellPath = /bin/sh;
			shellScript = "\"${PODS_ROOT}/Target Support Files/Pods-LoosenUP/Pods-LoosenUP-resources.sh\"\n";
			showEnvVarsInLog = 0;
		};
		8B611B3F8E3BC4A22DA54BA8 /* [CP] Check Pods Manifest.lock */ = {
			isa = PBXShellScriptBuildPhase;
			buildActionMask = 2147483647;
			files = (
			);
			inputPaths = (
				"${PODS_PODFILE_DIR_PATH}/Podfile.lock",
				"${PODS_ROOT}/Manifest.lock",
			);
			name = "[CP] Check Pods Manifest.lock";
			outputPaths = (
				"$(DERIVED_FILE_DIR)/Pods-LoosenUP-checkManifestLockResult.txt",
			);
			runOnlyForDeploymentPostprocessing = 0;
			shellPath = /bin/sh;
			shellScript = "diff \"${PODS_PODFILE_DIR_PATH}/Podfile.lock\" \"${PODS_ROOT}/Manifest.lock\" > /dev/null\nif [ $? != 0 ] ; then\n    # print error to STDERR\n    echo \"error: The sandbox is not in sync with the Podfile.lock. Run 'pod install' or update your CocoaPods installation.\" >&2\n    exit 1\nfi\n# This output is used by Xcode 'outputs' to avoid re-running this script phase.\necho \"SUCCESS\" > \"${SCRIPT_OUTPUT_FILE_0}\"\n";
			showEnvVarsInLog = 0;
		};
		A8D8051851C698F9BC23EF8E /* [CP] Embed Pods Frameworks */ = {
			isa = PBXShellScriptBuildPhase;
			buildActionMask = 2147483647;
			files = (
			);
			inputPaths = (
				"${PODS_ROOT}/Target Support Files/Pods-LoosenUP/Pods-LoosenUP-frameworks.sh",
				"${BUILT_PRODUCTS_DIR}/Alamofire/Alamofire.framework",
				"${BUILT_PRODUCTS_DIR}/Charts/Charts.framework",
				"${BUILT_PRODUCTS_DIR}/FBSDKCoreKit/FBSDKCoreKit.framework",
				"${BUILT_PRODUCTS_DIR}/FBSDKLoginKit/FBSDKLoginKit.framework",
				"${BUILT_PRODUCTS_DIR}/FSPagerView/FSPagerView.framework",
				"${BUILT_PRODUCTS_DIR}/GTMSessionFetcher/GTMSessionFetcher.framework",
				"${BUILT_PRODUCTS_DIR}/GoogleToolboxForMac/GoogleToolboxForMac.framework",
				"${BUILT_PRODUCTS_DIR}/RAMAnimatedTabBarController/RAMAnimatedTabBarController.framework",
				"${BUILT_PRODUCTS_DIR}/SnapKit/SnapKit.framework",
				"${BUILT_PRODUCTS_DIR}/SwiftGifOrigin/SwiftGifOrigin.framework",
				"${BUILT_PRODUCTS_DIR}/SwiftyJSON/SwiftyJSON.framework",
				"${BUILT_PRODUCTS_DIR}/SwipeMenuViewController/SwipeMenuViewController.framework",
			);
			name = "[CP] Embed Pods Frameworks";
			outputPaths = (
				"${TARGET_BUILD_DIR}/${FRAMEWORKS_FOLDER_PATH}/Alamofire.framework",
				"${TARGET_BUILD_DIR}/${FRAMEWORKS_FOLDER_PATH}/Charts.framework",
				"${TARGET_BUILD_DIR}/${FRAMEWORKS_FOLDER_PATH}/FBSDKCoreKit.framework",
				"${TARGET_BUILD_DIR}/${FRAMEWORKS_FOLDER_PATH}/FBSDKLoginKit.framework",
				"${TARGET_BUILD_DIR}/${FRAMEWORKS_FOLDER_PATH}/FSPagerView.framework",
				"${TARGET_BUILD_DIR}/${FRAMEWORKS_FOLDER_PATH}/GTMSessionFetcher.framework",
				"${TARGET_BUILD_DIR}/${FRAMEWORKS_FOLDER_PATH}/GoogleToolboxForMac.framework",
				"${TARGET_BUILD_DIR}/${FRAMEWORKS_FOLDER_PATH}/RAMAnimatedTabBarController.framework",
				"${TARGET_BUILD_DIR}/${FRAMEWORKS_FOLDER_PATH}/SnapKit.framework",
				"${TARGET_BUILD_DIR}/${FRAMEWORKS_FOLDER_PATH}/SwiftGifOrigin.framework",
				"${TARGET_BUILD_DIR}/${FRAMEWORKS_FOLDER_PATH}/SwiftyJSON.framework",
				"${TARGET_BUILD_DIR}/${FRAMEWORKS_FOLDER_PATH}/SwipeMenuViewController.framework",
			);
			runOnlyForDeploymentPostprocessing = 0;
			shellPath = /bin/sh;
			shellScript = "\"${PODS_ROOT}/Target Support Files/Pods-LoosenUP/Pods-LoosenUP-frameworks.sh\"\n";
			showEnvVarsInLog = 0;
		};
		CFBB7EE5BC789137F3DE13A4 /* [CP] Check Pods Manifest.lock */ = {
			isa = PBXShellScriptBuildPhase;
			buildActionMask = 2147483647;
			files = (
			);
			inputPaths = (
				"${PODS_PODFILE_DIR_PATH}/Podfile.lock",
				"${PODS_ROOT}/Manifest.lock",
			);
			name = "[CP] Check Pods Manifest.lock";
			outputPaths = (
				"$(DERIVED_FILE_DIR)/Pods-LoosenUPUITests-checkManifestLockResult.txt",
			);
			runOnlyForDeploymentPostprocessing = 0;
			shellPath = /bin/sh;
			shellScript = "diff \"${PODS_PODFILE_DIR_PATH}/Podfile.lock\" \"${PODS_ROOT}/Manifest.lock\" > /dev/null\nif [ $? != 0 ] ; then\n    # print error to STDERR\n    echo \"error: The sandbox is not in sync with the Podfile.lock. Run 'pod install' or update your CocoaPods installation.\" >&2\n    exit 1\nfi\n# This output is used by Xcode 'outputs' to avoid re-running this script phase.\necho \"SUCCESS\" > \"${SCRIPT_OUTPUT_FILE_0}\"\n";
			showEnvVarsInLog = 0;
		};
		E5584A0D2138736996EA1288 /* [CP] Check Pods Manifest.lock */ = {
			isa = PBXShellScriptBuildPhase;
			buildActionMask = 2147483647;
			files = (
			);
			inputPaths = (
				"${PODS_PODFILE_DIR_PATH}/Podfile.lock",
				"${PODS_ROOT}/Manifest.lock",
			);
			name = "[CP] Check Pods Manifest.lock";
			outputPaths = (
				"$(DERIVED_FILE_DIR)/Pods-LoosenUPTests-checkManifestLockResult.txt",
			);
			runOnlyForDeploymentPostprocessing = 0;
			shellPath = /bin/sh;
			shellScript = "diff \"${PODS_PODFILE_DIR_PATH}/Podfile.lock\" \"${PODS_ROOT}/Manifest.lock\" > /dev/null\nif [ $? != 0 ] ; then\n    # print error to STDERR\n    echo \"error: The sandbox is not in sync with the Podfile.lock. Run 'pod install' or update your CocoaPods installation.\" >&2\n    exit 1\nfi\n# This output is used by Xcode 'outputs' to avoid re-running this script phase.\necho \"SUCCESS\" > \"${SCRIPT_OUTPUT_FILE_0}\"\n";
			showEnvVarsInLog = 0;
		};
/* End PBXShellScriptBuildPhase section */

/* Begin PBXSourcesBuildPhase section */
		4C117FF61E6964C500155C4D /* Sources */ = {
			isa = PBXSourcesBuildPhase;
			buildActionMask = 2147483647;
			files = (
				4C780FEC1E7AD5E10021ED86 /* RankingCollectionCell.swift in Sources */,
				4C25F9DB22F9E79500844F8E /* SearchViewController.swift in Sources */,
				4C25F9ED22FB18D300844F8E /* MySearchController.swift in Sources */,
				4C6DD2CE1E8802D50006E378 /* PersonalManageViewController.swift in Sources */,
				4C7810861E7E7E470021ED86 /* BTServiceInfo.swift in Sources */,
				4C25F9E722FB08E500844F8E /* SearchBarContainerView.swift in Sources */,
				4C6DD2F01E88B7D30006E378 /* ArticleDetailViewController.swift in Sources */,
				4C3EF5EC22EF996600BF6C99 /* ForumArticle.swift in Sources */,
				4C84C02722B2537200CDF76D /* UIApplicationExtension.swift in Sources */,
				4C6DD2F41E88F23B0006E378 /* HistoryDetailViewController.swift in Sources */,
				4C11807A1E6CFFE000155C4D /* ApiList.swift in Sources */,
				4C3EF5EA22EF98DA00BF6C99 /* ForumCellViewModel.swift in Sources */,
				4C25F9C022F81CB100844F8E /* CustomCollectionView.swift in Sources */,
				4C6DD2C41E87FBD70006E378 /* RankingViewController.swift in Sources */,
				4C6DD2C81E87FD100006E378 /* RankingDetailViewController.swift in Sources */,
				4CF78A711E6D7BE10063254E /* ForumViewController.swift in Sources */,
				4C6566CB2301B4C500AAC0AE /* ContainerOfDynamicMessageViewController.swift in Sources */,
				4C7810811E7E55530021ED86 /* DetectViewController.swift in Sources */,
				4CE981021E82817E00549400 /* ForumTableCell.swift in Sources */,
				4C92BB9522F2CEFE007CA8B0 /* ContentViewController.swift in Sources */,
				4CE981051E839BE200549400 /* PopularityCollectionView.swift in Sources */,
				4CCCD3B52302F65600022A9E /* GalleryCollectionView.swift in Sources */,
				4C25F9E522FB00C700844F8E /* SlideAnimatedTransitioning.swift in Sources */,
				4C6DD2D61E8809020006E378 /* Personal_RelaxListViewController.swift in Sources */,
				4C117FFE1E6964C500155C4D /* AppDelegate.swift in Sources */,
				4C78107B1E7E54D50021ED86 /* SelectSituationViewController.swift in Sources */,
				4C62C3CA1EA76DA00033CF37 /* PersonalQualityViewController.swift in Sources */,
				4CF78A751E6D7BEE0063254E /* ManageViewController.swift in Sources */,
				4C6DD2DF1E880A160006E378 /* Situation_AnalysisViewController.swift in Sources */,
				4CCCD3B32301C06A00022A9E /* DynamicMessage.swift in Sources */,
				4C780FF51E7C0CCE0021ED86 /* EffectCollectionView.swift in Sources */,
				4C6566C12301AFA600AAC0AE /* DynamicMessageTableCell.swift in Sources */,
				4C6DD2E31E880A300006E378 /* Fatigue_PeriodViewController.swift in Sources */,
				4C6566C72301B14E00AAC0AE /* DynamicMessageViewController.swift in Sources */,
				4C25F9DE22F9E93B00844F8E /* SearchTableViewController.swift in Sources */,
				4C28823D22E564B7004DFF16 /* Setting.swift in Sources */,
				4CF78A651E6D62F80063254E /* HomeTabBarController.swift in Sources */,
				4C6DD2FE1E8A71890006E378 /* ChartFormatter.swift in Sources */,
				4C1180781E6C7BBD00155C4D /* News.swift in Sources */,
				4C65667922FEF13B00AAC0AE /* UIExtensions.swift in Sources */,
				4C57A04222A832CC00F4C4D2 /* RestfulService.swift in Sources */,
				4C25F9E222FAB8BA00844F8E /* SearchContainerViewController.swift in Sources */,
				4CCCD3B12301C02300022A9E /* DynamicMessageCellViewModel.swift in Sources */,
				4C21DBC81EA11A3E0042DFA6 /* PIRipple.swift in Sources */,
				4C6DD2F81E88F3B40006E378 /* HistoryTableCell.swift in Sources */,
				4C78108C1E7FDDC90021ED86 /* UINavigationService.swift in Sources */,
				4C6DD2D21E8802EB0006E378 /* AccountManageViewController.swift in Sources */,
				4C6DD2EB1E880A540006E378 /* HistoryViewController.swift in Sources */,
				4C6DD2E71E880A440006E378 /* Personal_RankingViewController.swift in Sources */,
				4C28823F22EC352E004DFF16 /* Theme.swift in Sources */,
				4C21DB441EA0AD2A0042DFA6 /* RAMAnimateService.swift in Sources */,
				4CF78A6D1E6D7BD50063254E /* MainViewController.swift in Sources */,
				4C1180351E6AB95D00155C4D /* GetUrl.swift in Sources */,
				4CCCD3B8230305D600022A9E /* GalleryCollectionCell.swift in Sources */,
				4C780FE91E790C930021ED86 /* Const.swift in Sources */,
				4C84C0DD22C2953600CDF76D /* NewsCellViewModel.swift in Sources */,
				4CD5564722F20A5500EFF4E2 /* CustomUIScrollView.swift in Sources */,
			);
			runOnlyForDeploymentPostprocessing = 0;
		};
		4C11800A1E6964C500155C4D /* Sources */ = {
			isa = PBXSourcesBuildPhase;
			buildActionMask = 2147483647;
			files = (
				4C1180131E6964C500155C4D /* LoosenUPTests.swift in Sources */,
			);
			runOnlyForDeploymentPostprocessing = 0;
		};
		4C1180151E6964C500155C4D /* Sources */ = {
			isa = PBXSourcesBuildPhase;
			buildActionMask = 2147483647;
			files = (
				4C11801E1E6964C500155C4D /* LoosenUPUITests.swift in Sources */,
			);
			runOnlyForDeploymentPostprocessing = 0;
		};
/* End PBXSourcesBuildPhase section */

/* Begin PBXTargetDependency section */
		4C1180101E6964C500155C4D /* PBXTargetDependency */ = {
			isa = PBXTargetDependency;
			target = 4C117FF91E6964C500155C4D /* LoosenUP */;
			targetProxy = 4C11800F1E6964C500155C4D /* PBXContainerItemProxy */;
		};
		4C11801B1E6964C500155C4D /* PBXTargetDependency */ = {
			isa = PBXTargetDependency;
			target = 4C117FF91E6964C500155C4D /* LoosenUP */;
			targetProxy = 4C11801A1E6964C500155C4D /* PBXContainerItemProxy */;
		};
/* End PBXTargetDependency section */

/* Begin PBXVariantGroup section */
		4C1180011E6964C500155C4D /* Main.storyboard */ = {
			isa = PBXVariantGroup;
			children = (
				4C1180021E6964C500155C4D /* Base */,
				4C25F95822F5F6D300844F8E /* zh-Hans */,
				4C25F95A22F5F6DC00844F8E /* zh-Hant */,
			);
			name = Main.storyboard;
			sourceTree = "<group>";
		};
		4C1180061E6964C500155C4D /* LaunchScreen.storyboard */ = {
			isa = PBXVariantGroup;
			children = (
				4C1180071E6964C500155C4D /* Base */,
				4C25F95922F5F6D400844F8E /* zh-Hans */,
				4C25F95B22F5F6DC00844F8E /* zh-Hant */,
			);
			name = LaunchScreen.storyboard;
			sourceTree = "<group>";
		};
		4C25F95E22F5F70800844F8E /* Localizable.strings */ = {
			isa = PBXVariantGroup;
			children = (
				4C25F95D22F5F70800844F8E /* en */,
				4C25F95F22F5F71100844F8E /* zh-Hans */,
				4C25F96022F5F71300844F8E /* zh-Hant */,
			);
			name = Localizable.strings;
			sourceTree = "<group>";
		};
		4C25F96522F5FB2B00844F8E /* InfoPlist.strings */ = {
			isa = PBXVariantGroup;
			children = (
				4C25F96422F5FB2B00844F8E /* en */,
				4C25F96622F5FB2D00844F8E /* zh-Hans */,
				4C25F96722F5FB2F00844F8E /* zh-Hant */,
			);
			name = InfoPlist.strings;
			sourceTree = "<group>";
		};
		4C25F96A22F5FD4900844F8E /* loading_cat.gif */ = {
			isa = PBXVariantGroup;
			children = (
				4C25F96922F5FD4900844F8E /* en */,
				4C25F96B22F5FD5900844F8E /* zh-Hans */,
				4C25F96C22F5FD5A00844F8E /* zh-Hant */,
			);
			name = loading_cat.gif;
			sourceTree = "<group>";
		};
/* End PBXVariantGroup section */

/* Begin XCBuildConfiguration section */
		4C1180201E6964C500155C4D /* Debug */ = {
			isa = XCBuildConfiguration;
			buildSettings = {
				ALWAYS_SEARCH_USER_PATHS = NO;
				CLANG_ANALYZER_LOCALIZABILITY_NONLOCALIZED = YES;
				CLANG_ANALYZER_NONNULL = YES;
				CLANG_CXX_LANGUAGE_STANDARD = "gnu++0x";
				CLANG_CXX_LIBRARY = "libc++";
				CLANG_ENABLE_MODULES = YES;
				CLANG_ENABLE_OBJC_ARC = YES;
				CLANG_WARN_BLOCK_CAPTURE_AUTORELEASING = YES;
				CLANG_WARN_BOOL_CONVERSION = YES;
				CLANG_WARN_COMMA = YES;
				CLANG_WARN_CONSTANT_CONVERSION = YES;
				CLANG_WARN_DEPRECATED_OBJC_IMPLEMENTATIONS = YES;
				CLANG_WARN_DIRECT_OBJC_ISA_USAGE = YES_ERROR;
				CLANG_WARN_DOCUMENTATION_COMMENTS = YES;
				CLANG_WARN_EMPTY_BODY = YES;
				CLANG_WARN_ENUM_CONVERSION = YES;
				CLANG_WARN_INFINITE_RECURSION = YES;
				CLANG_WARN_INT_CONVERSION = YES;
				CLANG_WARN_NON_LITERAL_NULL_CONVERSION = YES;
				CLANG_WARN_OBJC_IMPLICIT_RETAIN_SELF = YES;
				CLANG_WARN_OBJC_LITERAL_CONVERSION = YES;
				CLANG_WARN_OBJC_ROOT_CLASS = YES_ERROR;
				CLANG_WARN_RANGE_LOOP_ANALYSIS = YES;
				CLANG_WARN_STRICT_PROTOTYPES = YES;
				CLANG_WARN_SUSPICIOUS_MOVE = YES;
				CLANG_WARN_UNREACHABLE_CODE = YES;
				CLANG_WARN__DUPLICATE_METHOD_MATCH = YES;
				"CODE_SIGN_IDENTITY[sdk=iphoneos*]" = "iPhone Developer";
				COPY_PHASE_STRIP = NO;
				DEBUG_INFORMATION_FORMAT = dwarf;
				ENABLE_STRICT_OBJC_MSGSEND = YES;
				ENABLE_TESTABILITY = YES;
				GCC_C_LANGUAGE_STANDARD = gnu99;
				GCC_DYNAMIC_NO_PIC = NO;
				GCC_NO_COMMON_BLOCKS = YES;
				GCC_OPTIMIZATION_LEVEL = 0;
				GCC_PREPROCESSOR_DEFINITIONS = (
					"DEBUG=1",
					"$(inherited)",
				);
				GCC_WARN_64_TO_32_BIT_CONVERSION = YES;
				GCC_WARN_ABOUT_RETURN_TYPE = YES_ERROR;
				GCC_WARN_UNDECLARED_SELECTOR = YES;
				GCC_WARN_UNINITIALIZED_AUTOS = YES_AGGRESSIVE;
				GCC_WARN_UNUSED_FUNCTION = YES;
				GCC_WARN_UNUSED_VARIABLE = YES;
				IPHONEOS_DEPLOYMENT_TARGET = 10.2;
				MTL_ENABLE_DEBUG_INFO = YES;
				ONLY_ACTIVE_ARCH = YES;
				SDKROOT = iphoneos;
				SWIFT_ACTIVE_COMPILATION_CONDITIONS = DEBUG;
				SWIFT_ENABLE_BATCH_MODE = NO;
				SWIFT_OPTIMIZATION_LEVEL = "-Onone";
				SWIFT_VERSION = 4.2;
				TARGETED_DEVICE_FAMILY = "1,2";
			};
			name = Debug;
		};
		4C1180211E6964C500155C4D /* Release */ = {
			isa = XCBuildConfiguration;
			buildSettings = {
				ALWAYS_SEARCH_USER_PATHS = NO;
				CLANG_ANALYZER_LOCALIZABILITY_NONLOCALIZED = YES;
				CLANG_ANALYZER_NONNULL = YES;
				CLANG_CXX_LANGUAGE_STANDARD = "gnu++0x";
				CLANG_CXX_LIBRARY = "libc++";
				CLANG_ENABLE_MODULES = YES;
				CLANG_ENABLE_OBJC_ARC = YES;
				CLANG_WARN_BLOCK_CAPTURE_AUTORELEASING = YES;
				CLANG_WARN_BOOL_CONVERSION = YES;
				CLANG_WARN_COMMA = YES;
				CLANG_WARN_CONSTANT_CONVERSION = YES;
				CLANG_WARN_DEPRECATED_OBJC_IMPLEMENTATIONS = YES;
				CLANG_WARN_DIRECT_OBJC_ISA_USAGE = YES_ERROR;
				CLANG_WARN_DOCUMENTATION_COMMENTS = YES;
				CLANG_WARN_EMPTY_BODY = YES;
				CLANG_WARN_ENUM_CONVERSION = YES;
				CLANG_WARN_INFINITE_RECURSION = YES;
				CLANG_WARN_INT_CONVERSION = YES;
				CLANG_WARN_NON_LITERAL_NULL_CONVERSION = YES;
				CLANG_WARN_OBJC_IMPLICIT_RETAIN_SELF = YES;
				CLANG_WARN_OBJC_LITERAL_CONVERSION = YES;
				CLANG_WARN_OBJC_ROOT_CLASS = YES_ERROR;
				CLANG_WARN_RANGE_LOOP_ANALYSIS = YES;
				CLANG_WARN_STRICT_PROTOTYPES = YES;
				CLANG_WARN_SUSPICIOUS_MOVE = YES;
				CLANG_WARN_UNREACHABLE_CODE = YES;
				CLANG_WARN__DUPLICATE_METHOD_MATCH = YES;
				"CODE_SIGN_IDENTITY[sdk=iphoneos*]" = "iPhone Developer";
				COPY_PHASE_STRIP = NO;
				DEBUG_INFORMATION_FORMAT = "dwarf-with-dsym";
				ENABLE_NS_ASSERTIONS = NO;
				ENABLE_STRICT_OBJC_MSGSEND = YES;
				GCC_C_LANGUAGE_STANDARD = gnu99;
				GCC_NO_COMMON_BLOCKS = YES;
				GCC_WARN_64_TO_32_BIT_CONVERSION = YES;
				GCC_WARN_ABOUT_RETURN_TYPE = YES_ERROR;
				GCC_WARN_UNDECLARED_SELECTOR = YES;
				GCC_WARN_UNINITIALIZED_AUTOS = YES_AGGRESSIVE;
				GCC_WARN_UNUSED_FUNCTION = YES;
				GCC_WARN_UNUSED_VARIABLE = YES;
				IPHONEOS_DEPLOYMENT_TARGET = 10.2;
				MTL_ENABLE_DEBUG_INFO = NO;
				SDKROOT = iphoneos;
				SWIFT_ENABLE_BATCH_MODE = NO;
				SWIFT_OPTIMIZATION_LEVEL = "-Owholemodule";
				SWIFT_VERSION = 4.2;
				TARGETED_DEVICE_FAMILY = "1,2";
				VALIDATE_PRODUCT = YES;
			};
			name = Release;
		};
		4C1180231E6964C500155C4D /* Debug */ = {
			isa = XCBuildConfiguration;
			baseConfigurationReference = 313FF84C1070096BBDD8F34E /* Pods-LoosenUP.debug.xcconfig */;
			buildSettings = {
				ASSETCATALOG_COMPILER_APPICON_NAME = AppIcon;
				DEVELOPMENT_TEAM = PKLAFCY323;
				INFOPLIST_FILE = LoosenUP/Info.plist;
				IPHONEOS_DEPLOYMENT_TARGET = 9.3;
				LD_RUNPATH_SEARCH_PATHS = "$(inherited) @executable_path/Frameworks";
				OTHER_LDFLAGS = (
					"$(inherited)",
					"-l\"z\"",
					"-framework",
					"\"Alamofire\"",
					"-framework",
					"\"Charts\"",
					"-framework",
					"\"FBSDKCoreKit\"",
					"-framework",
					"\"FBSDKLoginKit\"",
					"-framework",
					"\"FSPagerView\"",
					"-framework",
					"\"RAMAnimatedTabBarController\"",
					"-framework",
					"\"SnapKit\"",
					"-framework",
					"\"SwiftGifOrigin\"",
					"-framework",
					"\"SwiftyJSON\"",
					"-framework",
					"\"SwipeMenuViewController\"",
					"-framework",
					"\"UIKit\"",
					"-weak_framework",
					"\"Accounts\"",
					"-weak_framework",
					"\"AudioToolbox\"",
					"-weak_framework",
					"\"CoreGraphics\"",
					"-weak_framework",
					"\"CoreLocation\"",
					"-weak_framework",
					"\"Foundation\"",
					"-weak_framework",
					"\"QuartzCore\"",
					"-weak_framework",
					"\"Security\"",
					"-weak_framework",
					"\"Social\"",
					"-weak_framework",
					"\"UIKit\"",
					"-ObjC",
				);
				OTHER_SWIFT_FLAGS = "$(inherited) \"-D\" \"COCOAPODS\" -Xfrontend -debug-time-function-bodies";
				PRODUCT_BUNDLE_IDENTIFIER = com.etown.LoosenUP;
				PRODUCT_NAME = "$(TARGET_NAME)";
				SWIFT_SWIFT3_OBJC_INFERENCE = Default;
				SWIFT_VERSION = 4.2;
			};
			name = Debug;
		};
		4C1180241E6964C500155C4D /* Release */ = {
			isa = XCBuildConfiguration;
			baseConfigurationReference = 0236D61E1CE0743A8BBFE761 /* Pods-LoosenUP.release.xcconfig */;
			buildSettings = {
				ASSETCATALOG_COMPILER_APPICON_NAME = AppIcon;
				DEVELOPMENT_TEAM = PKLAFCY323;
				INFOPLIST_FILE = LoosenUP/Info.plist;
				IPHONEOS_DEPLOYMENT_TARGET = 9.3;
				LD_RUNPATH_SEARCH_PATHS = "$(inherited) @executable_path/Frameworks";
				OTHER_LDFLAGS = (
					"$(inherited)",
					"-l\"z\"",
					"-framework",
					"\"Alamofire\"",
					"-framework",
					"\"Charts\"",
					"-framework",
					"\"FBSDKCoreKit\"",
					"-framework",
					"\"FBSDKLoginKit\"",
					"-framework",
					"\"FSPagerView\"",
					"-framework",
					"\"RAMAnimatedTabBarController\"",
					"-framework",
					"\"SnapKit\"",
					"-framework",
					"\"SwiftGifOrigin\"",
					"-framework",
					"\"SwiftyJSON\"",
					"-framework",
					"\"SwipeMenuViewController\"",
					"-framework",
					"\"UIKit\"",
					"-weak_framework",
					"\"Accounts\"",
					"-weak_framework",
					"\"AudioToolbox\"",
					"-weak_framework",
					"\"CoreGraphics\"",
					"-weak_framework",
					"\"CoreLocation\"",
					"-weak_framework",
					"\"Foundation\"",
					"-weak_framework",
					"\"QuartzCore\"",
					"-weak_framework",
					"\"Security\"",
					"-weak_framework",
					"\"Social\"",
					"-weak_framework",
					"\"UIKit\"",
					"-ObjC",
				);
				OTHER_SWIFT_FLAGS = "$(inherited) \"-D\" \"COCOAPODS\" -Xfrontend -debug-time-function-bodies";
				PRODUCT_BUNDLE_IDENTIFIER = com.etown.LoosenUP;
				PRODUCT_NAME = "$(TARGET_NAME)";
				SWIFT_SWIFT3_OBJC_INFERENCE = Default;
				SWIFT_VERSION = 4.2;
			};
			name = Release;
		};
		4C1180261E6964C500155C4D /* Debug */ = {
			isa = XCBuildConfiguration;
			baseConfigurationReference = 04766C909FE21AD4EC9D855E /* Pods-LoosenUPTests.debug.xcconfig */;
			buildSettings = {
				ALWAYS_EMBED_SWIFT_STANDARD_LIBRARIES = YES;
				BUNDLE_LOADER = "$(TEST_HOST)";
				DEVELOPMENT_TEAM = PKLAFCY323;
				INFOPLIST_FILE = LoosenUPTests/Info.plist;
				LD_RUNPATH_SEARCH_PATHS = "$(inherited) @executable_path/Frameworks @loader_path/Frameworks";
				PRODUCT_BUNDLE_IDENTIFIER = com.etown.LoosenUPTests;
				PRODUCT_NAME = "$(TARGET_NAME)";
				SWIFT_SWIFT3_OBJC_INFERENCE = On;
				SWIFT_VERSION = 4.2;
				TEST_HOST = "$(BUILT_PRODUCTS_DIR)/LoosenUP.app/LoosenUP";
			};
			name = Debug;
		};
		4C1180271E6964C500155C4D /* Release */ = {
			isa = XCBuildConfiguration;
			baseConfigurationReference = 41FB2AAD7A3AFFE29CEDF229 /* Pods-LoosenUPTests.release.xcconfig */;
			buildSettings = {
				ALWAYS_EMBED_SWIFT_STANDARD_LIBRARIES = YES;
				BUNDLE_LOADER = "$(TEST_HOST)";
				DEVELOPMENT_TEAM = PKLAFCY323;
				INFOPLIST_FILE = LoosenUPTests/Info.plist;
				LD_RUNPATH_SEARCH_PATHS = "$(inherited) @executable_path/Frameworks @loader_path/Frameworks";
				PRODUCT_BUNDLE_IDENTIFIER = com.etown.LoosenUPTests;
				PRODUCT_NAME = "$(TARGET_NAME)";
				SWIFT_SWIFT3_OBJC_INFERENCE = On;
				SWIFT_VERSION = 4.2;
				TEST_HOST = "$(BUILT_PRODUCTS_DIR)/LoosenUP.app/LoosenUP";
			};
			name = Release;
		};
		4C1180291E6964C500155C4D /* Debug */ = {
			isa = XCBuildConfiguration;
			baseConfigurationReference = 6A50D4E2279D2C0144C94E7B /* Pods-LoosenUPUITests.debug.xcconfig */;
			buildSettings = {
				ALWAYS_EMBED_SWIFT_STANDARD_LIBRARIES = YES;
				DEVELOPMENT_TEAM = PKLAFCY323;
				INFOPLIST_FILE = LoosenUPUITests/Info.plist;
				LD_RUNPATH_SEARCH_PATHS = "$(inherited) @executable_path/Frameworks @loader_path/Frameworks";
				PRODUCT_BUNDLE_IDENTIFIER = com.etown.LoosenUPUITests;
				PRODUCT_NAME = "$(TARGET_NAME)";
				SWIFT_SWIFT3_OBJC_INFERENCE = On;
				SWIFT_VERSION = 4.2;
				TEST_TARGET_NAME = LoosenUP;
			};
			name = Debug;
		};
		4C11802A1E6964C500155C4D /* Release */ = {
			isa = XCBuildConfiguration;
			baseConfigurationReference = 7836D43F73F5976B91B704A0 /* Pods-LoosenUPUITests.release.xcconfig */;
			buildSettings = {
				ALWAYS_EMBED_SWIFT_STANDARD_LIBRARIES = YES;
				DEVELOPMENT_TEAM = PKLAFCY323;
				INFOPLIST_FILE = LoosenUPUITests/Info.plist;
				LD_RUNPATH_SEARCH_PATHS = "$(inherited) @executable_path/Frameworks @loader_path/Frameworks";
				PRODUCT_BUNDLE_IDENTIFIER = com.etown.LoosenUPUITests;
				PRODUCT_NAME = "$(TARGET_NAME)";
				SWIFT_SWIFT3_OBJC_INFERENCE = On;
				SWIFT_VERSION = 4.2;
				TEST_TARGET_NAME = LoosenUP;
			};
			name = Release;
		};
/* End XCBuildConfiguration section */

/* Begin XCConfigurationList section */
		4C117FF51E6964C500155C4D /* Build configuration list for PBXProject "LoosenUP" */ = {
			isa = XCConfigurationList;
			buildConfigurations = (
				4C1180201E6964C500155C4D /* Debug */,
				4C1180211E6964C500155C4D /* Release */,
			);
			defaultConfigurationIsVisible = 0;
			defaultConfigurationName = Release;
		};
		4C1180221E6964C500155C4D /* Build configuration list for PBXNativeTarget "LoosenUP" */ = {
			isa = XCConfigurationList;
			buildConfigurations = (
				4C1180231E6964C500155C4D /* Debug */,
				4C1180241E6964C500155C4D /* Release */,
			);
			defaultConfigurationIsVisible = 0;
			defaultConfigurationName = Release;
		};
		4C1180251E6964C500155C4D /* Build configuration list for PBXNativeTarget "LoosenUPTests" */ = {
			isa = XCConfigurationList;
			buildConfigurations = (
				4C1180261E6964C500155C4D /* Debug */,
				4C1180271E6964C500155C4D /* Release */,
			);
			defaultConfigurationIsVisible = 0;
			defaultConfigurationName = Release;
		};
		4C1180281E6964C500155C4D /* Build configuration list for PBXNativeTarget "LoosenUPUITests" */ = {
			isa = XCConfigurationList;
			buildConfigurations = (
				4C1180291E6964C500155C4D /* Debug */,
				4C11802A1E6964C500155C4D /* Release */,
			);
			defaultConfigurationIsVisible = 0;
			defaultConfigurationName = Release;
		};
/* End XCConfigurationList section */
	};
	rootObject = 4C117FF21E6964C500155C4D /* Project object */;
}
